// !$*UTF8*$!
{
	archiveVersion = 1;
	classes = {
	};
	objectVersion = 46;
	objects = {

/* Begin PBXBuildFile section */
		581091E01ACC6F6500FDCC61 /* Crashlytics.framework in Frameworks */ = {isa = PBXBuildFile; fileRef = 581091DF1ACC6F6500FDCC61 /* Crashlytics.framework */; };
		58136E8A1AA4B4CD00512D29 /* MFASelectCityTableViewCell.m in Sources */ = {isa = PBXBuildFile; fileRef = 58136E891AA4B4CD00512D29 /* MFASelectCityTableViewCell.m */; };
		581A6DDE1B459A20001D7227 /* Fabric.framework in Frameworks */ = {isa = PBXBuildFile; fileRef = 581A6DDD1B459A20001D7227 /* Fabric.framework */; };
		581A6DE51B4BED90001D7227 /* metro4all_ios1-2.xcmappingmodel in Sources */ = {isa = PBXBuildFile; fileRef = 581A6DE41B4BED90001D7227 /* metro4all_ios1-2.xcmappingmodel */; };
		5823455F1ADED13C00BBBE24 /* MFARouter.m in Sources */ = {isa = PBXBuildFile; fileRef = 5823455E1ADED13C00BBBE24 /* MFARouter.m */; };
		582345611ADED87400BBBE24 /* RouterTests.m in Sources */ = {isa = PBXBuildFile; fileRef = 582345601ADED87400BBBE24 /* RouterTests.m */; };
		582345631ADED8C100BBBE24 /* stations.json in Resources */ = {isa = PBXBuildFile; fileRef = 582345621ADED8C100BBBE24 /* stations.json */; };
		582345651ADED97900BBBE24 /* edges.json in Resources */ = {isa = PBXBuildFile; fileRef = 582345641ADED97900BBBE24 /* edges.json */; };
		582409071B77773A009BBDF8 /* MFAFeedbackViewController.m in Sources */ = {isa = PBXBuildFile; fileRef = 582409061B77773A009BBDF8 /* MFAFeedbackViewController.m */; };
		5824090A1B779D85009BBDF8 /* PhotoCollectionViewCell.m in Sources */ = {isa = PBXBuildFile; fileRef = 582409091B779D85009BBDF8 /* PhotoCollectionViewCell.m */; };
		582409131B77A645009BBDF8 /* StyleKit.m in Sources */ = {isa = PBXBuildFile; fileRef = 582409121B77A645009BBDF8 /* StyleKit.m */; };
		582409161B77A7D2009BBDF8 /* Buttons.m in Sources */ = {isa = PBXBuildFile; fileRef = 582409151B77A7D2009BBDF8 /* Buttons.m */; };
		583A4EC01B6F61D80028148D /* Localizable.strings in Resources */ = {isa = PBXBuildFile; fileRef = 583A4EBE1B6F61D80028148D /* Localizable.strings */; };
		583B48F81AA74BA500138E1F /* MFAStationMapViewModel.m in Sources */ = {isa = PBXBuildFile; fileRef = 583B48F71AA74BA500138E1F /* MFAStationMapViewModel.m */; };
		583B48FB1AA74BB200138E1F /* MFAStationMapViewController.m in Sources */ = {isa = PBXBuildFile; fileRef = 583B48FA1AA74BB200138E1F /* MFAStationMapViewController.m */; };
		586061931AB6C7F700E1F565 /* legend_pl.png in Resources */ = {isa = PBXBuildFile; fileRef = 586061901AB6C7F700E1F565 /* legend_pl.png */; };
		586061941AB6C7F700E1F565 /* legend_ru.png in Resources */ = {isa = PBXBuildFile; fileRef = 586061911AB6C7F700E1F565 /* legend_ru.png */; };
		586061951AB6C7F700E1F565 /* legend_en.png in Resources */ = {isa = PBXBuildFile; fileRef = 586061921AB6C7F700E1F565 /* legend_en.png */; };
		586061981AB6C83E00E1F565 /* MFALegendViewController.m in Sources */ = {isa = PBXBuildFile; fileRef = 586061971AB6C83E00E1F565 /* MFALegendViewController.m */; };
		58907D271AB2F91100013A59 /* MFAPortalAnnotationView.m in Sources */ = {isa = PBXBuildFile; fileRef = 58907D261AB2F91100013A59 /* MFAPortalAnnotationView.m */; };
		58B0DA3A1AA5F26C0011A4A4 /* MFACityDataParser.m in Sources */ = {isa = PBXBuildFile; fileRef = 58B0DA391AA5F26C0011A4A4 /* MFACityDataParser.m */; };
		58B0DA3D1AA707C20011A4A4 /* MFAStationsListViewController.m in Sources */ = {isa = PBXBuildFile; fileRef = 58B0DA3C1AA707C20011A4A4 /* MFAStationsListViewController.m */; };
		58B0DA421AA709C80011A4A4 /* MFAStationListTableViewCell.m in Sources */ = {isa = PBXBuildFile; fileRef = 58B0DA411AA709C80011A4A4 /* MFAStationListTableViewCell.m */; };
		58B0DA451AA70DBB0011A4A4 /* MFAStationsListViewModel.m in Sources */ = {isa = PBXBuildFile; fileRef = 58B0DA441AA70DBB0011A4A4 /* MFAStationsListViewModel.m */; };
		58B112041B64E7D400302F0C /* MFACityManager.m in Sources */ = {isa = PBXBuildFile; fileRef = 58B112031B64E7D400302F0C /* MFACityManager.m */; };
		58C60AC81AE4FF7200FA1D1A /* MFASelectStationViewController.m in Sources */ = {isa = PBXBuildFile; fileRef = 58C60AC71AE4FF7200FA1D1A /* MFASelectStationViewController.m */; };
		58CA3DB91AC577EA00205567 /* MFAPortalAnnotation.m in Sources */ = {isa = PBXBuildFile; fileRef = 58CA3DB81AC577EA00205567 /* MFAPortalAnnotation.m */; };
		58CA3DE61AC936F000205567 /* NSString+Utils.m in Sources */ = {isa = PBXBuildFile; fileRef = 58CA3DE51AC936F000205567 /* NSString+Utils.m */; };
		58CA3DE81AC9376200205567 /* NSStringUtilsTests.m in Sources */ = {isa = PBXBuildFile; fileRef = 58CA3DE71AC9376200205567 /* NSStringUtilsTests.m */; };
		58CE3D931AEFEE5700F91F0A /* MFAMenuContainerViewController.m in Sources */ = {isa = PBXBuildFile; fileRef = 58CE3D921AEFEE5700F91F0A /* MFAMenuContainerViewController.m */; };
		58CE3D961AEFEE6700F91F0A /* MFASideMenuViewController.m in Sources */ = {isa = PBXBuildFile; fileRef = 58CE3D951AEFEE6700F91F0A /* MFASideMenuViewController.m */; };
		58CF18311ACBD5DD0042F898 /* _MFAStation.m in Sources */ = {isa = PBXBuildFile; fileRef = 58CF181A1ACBD5DD0042F898 /* _MFAStation.m */; };
		58CF18321ACBD5DD0042F898 /* MFAStation.m in Sources */ = {isa = PBXBuildFile; fileRef = 58CF181C1ACBD5DD0042F898 /* MFAStation.m */; };
		58CF18331ACBD5DD0042F898 /* _MFACity.m in Sources */ = {isa = PBXBuildFile; fileRef = 58CF181E1ACBD5DD0042F898 /* _MFACity.m */; };
		58CF18341ACBD5DD0042F898 /* _MFAInterchange.m in Sources */ = {isa = PBXBuildFile; fileRef = 58CF18201ACBD5DD0042F898 /* _MFAInterchange.m */; };
		58CF18351ACBD5DD0042F898 /* _MFALine.m in Sources */ = {isa = PBXBuildFile; fileRef = 58CF18221ACBD5DD0042F898 /* _MFALine.m */; };
		58CF18361ACBD5DD0042F898 /* _MFANode.m in Sources */ = {isa = PBXBuildFile; fileRef = 58CF18241ACBD5DD0042F898 /* _MFANode.m */; };
		58CF18371ACBD5DD0042F898 /* _MFAPortal.m in Sources */ = {isa = PBXBuildFile; fileRef = 58CF18261ACBD5DD0042F898 /* _MFAPortal.m */; };
		58CF18381ACBD5DD0042F898 /* MFACity.m in Sources */ = {isa = PBXBuildFile; fileRef = 58CF18281ACBD5DD0042F898 /* MFACity.m */; };
		58CF18391ACBD5DD0042F898 /* MFAInterchange.m in Sources */ = {isa = PBXBuildFile; fileRef = 58CF182A1ACBD5DD0042F898 /* MFAInterchange.m */; };
		58CF183A1ACBD5DD0042F898 /* MFALine.m in Sources */ = {isa = PBXBuildFile; fileRef = 58CF182C1ACBD5DD0042F898 /* MFALine.m */; };
		58CF183B1ACBD5DD0042F898 /* MFANode.m in Sources */ = {isa = PBXBuildFile; fileRef = 58CF182E1ACBD5DD0042F898 /* MFANode.m */; };
		58CF183C1ACBD5DD0042F898 /* MFAPortal.m in Sources */ = {isa = PBXBuildFile; fileRef = 58CF18301ACBD5DD0042F898 /* MFAPortal.m */; };
		58E179761ADC06C200D50060 /* NSDictionary+CityMeta.m in Sources */ = {isa = PBXBuildFile; fileRef = 58E179751ADC06C200D50060 /* NSDictionary+CityMeta.m */; };
		58F8954C1AE946D1001DF1DD /* MFALineColorView.m in Sources */ = {isa = PBXBuildFile; fileRef = 58F8954B1AE946D1001DF1DD /* MFALineColorView.m */; };
		58F895501AE948FA001DF1DD /* MFARouteTableViewStationCell.m in Sources */ = {isa = PBXBuildFile; fileRef = 58F8954F1AE948FA001DF1DD /* MFARouteTableViewStationCell.m */; };
		58F895531AE95197001DF1DD /* MFAInterchangeLineColorView.m in Sources */ = {isa = PBXBuildFile; fileRef = 58F895521AE95197001DF1DD /* MFAInterchangeLineColorView.m */; };
		58F895561AE95232001DF1DD /* MFARouteTableViewInterchangeCell.m in Sources */ = {isa = PBXBuildFile; fileRef = 58F895551AE95232001DF1DD /* MFARouteTableViewInterchangeCell.m */; };
		58F95ECA1AA48FB600E22EF6 /* main.m in Sources */ = {isa = PBXBuildFile; fileRef = 58F95EC91AA48FB600E22EF6 /* main.m */; };
		58F95ECD1AA48FB600E22EF6 /* AppDelegate.m in Sources */ = {isa = PBXBuildFile; fileRef = 58F95ECC1AA48FB600E22EF6 /* AppDelegate.m */; };
		58F95ED01AA48FB600E22EF6 /* metro4all_ios.xcdatamodeld in Sources */ = {isa = PBXBuildFile; fileRef = 58F95ECE1AA48FB600E22EF6 /* metro4all_ios.xcdatamodeld */; };
		58F95ED31AA48FB600E22EF6 /* MFASelectCityViewController.m in Sources */ = {isa = PBXBuildFile; fileRef = 58F95ED21AA48FB600E22EF6 /* MFASelectCityViewController.m */; };
		58F95ED61AA48FB600E22EF6 /* Main.storyboard in Resources */ = {isa = PBXBuildFile; fileRef = 58F95ED41AA48FB600E22EF6 /* Main.storyboard */; };
		58F95ED81AA48FB600E22EF6 /* Images.xcassets in Resources */ = {isa = PBXBuildFile; fileRef = 58F95ED71AA48FB600E22EF6 /* Images.xcassets */; };
		58F95EE71AA48FB600E22EF6 /* metro4all_iosTests.m in Sources */ = {isa = PBXBuildFile; fileRef = 58F95EE61AA48FB600E22EF6 /* metro4all_iosTests.m */; };
		58F95EF61AA4A16100E22EF6 /* MFAStoryboardProxy.m in Sources */ = {isa = PBXBuildFile; fileRef = 58F95EF51AA4A16100E22EF6 /* MFAStoryboardProxy.m */; };
		58F95EF91AA4B2C800E22EF6 /* MFASelectCityViewModel.m in Sources */ = {isa = PBXBuildFile; fileRef = 58F95EF81AA4B2C800E22EF6 /* MFASelectCityViewModel.m */; };
		EA07EF5930494CD34D1FF1CB /* libPods-metro4all-ios.a in Frameworks */ = {isa = PBXBuildFile; fileRef = 650638ADED9348536CB287EB /* libPods-metro4all-ios.a */; };
/* End PBXBuildFile section */

/* Begin PBXContainerItemProxy section */
		58F95EE11AA48FB600E22EF6 /* PBXContainerItemProxy */ = {
			isa = PBXContainerItemProxy;
			containerPortal = 58F95EBC1AA48FB600E22EF6 /* Project object */;
			proxyType = 1;
			remoteGlobalIDString = 58F95EC31AA48FB600E22EF6;
			remoteInfo = "metro4all-ios";
		};
/* End PBXContainerItemProxy section */

/* Begin PBXFileReference section */
		223B3F0B6D4C0D89442A5B81 /* Pods-metro4all-ios.release.xcconfig */ = {isa = PBXFileReference; includeInIndex = 1; lastKnownFileType = text.xcconfig; name = "Pods-metro4all-ios.release.xcconfig"; path = "Pods/Target Support Files/Pods-metro4all-ios/Pods-metro4all-ios.release.xcconfig"; sourceTree = "<group>"; };
		581091DF1ACC6F6500FDCC61 /* Crashlytics.framework */ = {isa = PBXFileReference; lastKnownFileType = wrapper.framework; path = Crashlytics.framework; sourceTree = "<group>"; };
		58136E881AA4B4CD00512D29 /* MFASelectCityTableViewCell.h */ = {isa = PBXFileReference; fileEncoding = 4; lastKnownFileType = sourcecode.c.h; path = MFASelectCityTableViewCell.h; sourceTree = "<group>"; };
		58136E891AA4B4CD00512D29 /* MFASelectCityTableViewCell.m */ = {isa = PBXFileReference; fileEncoding = 4; lastKnownFileType = sourcecode.c.objc; path = MFASelectCityTableViewCell.m; sourceTree = "<group>"; };
		581A6DDD1B459A20001D7227 /* Fabric.framework */ = {isa = PBXFileReference; lastKnownFileType = wrapper.framework; path = Fabric.framework; sourceTree = "<group>"; };
		581A6DE41B4BED90001D7227 /* metro4all_ios1-2.xcmappingmodel */ = {isa = PBXFileReference; lastKnownFileType = wrapper.xcmappingmodel; path = "metro4all_ios1-2.xcmappingmodel"; sourceTree = "<group>"; };
		582345581ADED05800BBBE24 /* metro4all_ios 2.xcdatamodel */ = {isa = PBXFileReference; lastKnownFileType = wrapper.xcdatamodel; path = "metro4all_ios 2.xcdatamodel"; sourceTree = "<group>"; };
		5823455D1ADED13C00BBBE24 /* MFARouter.h */ = {isa = PBXFileReference; fileEncoding = 4; lastKnownFileType = sourcecode.c.h; name = MFARouter.h; path = models/router/MFARouter.h; sourceTree = "<group>"; };
		5823455E1ADED13C00BBBE24 /* MFARouter.m */ = {isa = PBXFileReference; fileEncoding = 4; lastKnownFileType = sourcecode.c.objc; name = MFARouter.m; path = models/router/MFARouter.m; sourceTree = "<group>"; };
		582345601ADED87400BBBE24 /* RouterTests.m */ = {isa = PBXFileReference; fileEncoding = 4; lastKnownFileType = sourcecode.c.objc; path = RouterTests.m; sourceTree = "<group>"; };
		582345621ADED8C100BBBE24 /* stations.json */ = {isa = PBXFileReference; fileEncoding = 4; lastKnownFileType = text.json; path = stations.json; sourceTree = "<group>"; };
		582345641ADED97900BBBE24 /* edges.json */ = {isa = PBXFileReference; fileEncoding = 4; lastKnownFileType = text.json; path = edges.json; sourceTree = "<group>"; };
		582409051B77773A009BBDF8 /* MFAFeedbackViewController.h */ = {isa = PBXFileReference; fileEncoding = 4; lastKnownFileType = sourcecode.c.h; path = MFAFeedbackViewController.h; sourceTree = "<group>"; };
		582409061B77773A009BBDF8 /* MFAFeedbackViewController.m */ = {isa = PBXFileReference; fileEncoding = 4; lastKnownFileType = sourcecode.c.objc; path = MFAFeedbackViewController.m; sourceTree = "<group>"; };
		582409081B779D85009BBDF8 /* PhotoCollectionViewCell.h */ = {isa = PBXFileReference; fileEncoding = 4; lastKnownFileType = sourcecode.c.h; path = PhotoCollectionViewCell.h; sourceTree = "<group>"; };
		582409091B779D85009BBDF8 /* PhotoCollectionViewCell.m */ = {isa = PBXFileReference; fileEncoding = 4; lastKnownFileType = sourcecode.c.objc; path = PhotoCollectionViewCell.m; sourceTree = "<group>"; };
		582409111B77A645009BBDF8 /* StyleKit.h */ = {isa = PBXFileReference; fileEncoding = 4; lastKnownFileType = sourcecode.c.h; path = StyleKit.h; sourceTree = "<group>"; };
		582409121B77A645009BBDF8 /* StyleKit.m */ = {isa = PBXFileReference; fileEncoding = 4; lastKnownFileType = sourcecode.c.objc; path = StyleKit.m; sourceTree = "<group>"; };
		582409141B77A7D2009BBDF8 /* Buttons.h */ = {isa = PBXFileReference; fileEncoding = 4; lastKnownFileType = sourcecode.c.h; path = Buttons.h; sourceTree = "<group>"; };
		582409151B77A7D2009BBDF8 /* Buttons.m */ = {isa = PBXFileReference; fileEncoding = 4; lastKnownFileType = sourcecode.c.objc; path = Buttons.m; sourceTree = "<group>"; };
		583A4EBF1B6F61D80028148D /* Base */ = {isa = PBXFileReference; lastKnownFileType = text.plist.strings; name = Base; path = Base.lproj/Localizable.strings; sourceTree = "<group>"; };
		583A4EC21B6F62860028148D /* ru */ = {isa = PBXFileReference; lastKnownFileType = text.plist.strings; name = ru; path = ru.lproj/Localizable.strings; sourceTree = "<group>"; };
		583A4EC31B6F629F0028148D /* uk */ = {isa = PBXFileReference; lastKnownFileType = text.plist.strings; name = uk; path = uk.lproj/Localizable.strings; sourceTree = "<group>"; };
		583A4EC41B6F62C20028148D /* pl */ = {isa = PBXFileReference; lastKnownFileType = text.plist.strings; name = pl; path = pl.lproj/Localizable.strings; sourceTree = "<group>"; };
		583A4EC51B6F62E50028148D /* be */ = {isa = PBXFileReference; lastKnownFileType = text.plist.strings; name = be; path = be.lproj/Localizable.strings; sourceTree = "<group>"; };
		583B48F61AA74BA500138E1F /* MFAStationMapViewModel.h */ = {isa = PBXFileReference; fileEncoding = 4; lastKnownFileType = sourcecode.c.h; path = MFAStationMapViewModel.h; sourceTree = "<group>"; };
		583B48F71AA74BA500138E1F /* MFAStationMapViewModel.m */ = {isa = PBXFileReference; fileEncoding = 4; lastKnownFileType = sourcecode.c.objc; path = MFAStationMapViewModel.m; sourceTree = "<group>"; };
		583B48F91AA74BB200138E1F /* MFAStationMapViewController.h */ = {isa = PBXFileReference; fileEncoding = 4; lastKnownFileType = sourcecode.c.h; path = MFAStationMapViewController.h; sourceTree = "<group>"; };
		583B48FA1AA74BB200138E1F /* MFAStationMapViewController.m */ = {isa = PBXFileReference; fileEncoding = 4; lastKnownFileType = sourcecode.c.objc; path = MFAStationMapViewController.m; sourceTree = "<group>"; };
		586061901AB6C7F700E1F565 /* legend_pl.png */ = {isa = PBXFileReference; lastKnownFileType = image.png; path = legend_pl.png; sourceTree = "<group>"; };
		586061911AB6C7F700E1F565 /* legend_ru.png */ = {isa = PBXFileReference; lastKnownFileType = image.png; path = legend_ru.png; sourceTree = "<group>"; };
		586061921AB6C7F700E1F565 /* legend_en.png */ = {isa = PBXFileReference; lastKnownFileType = image.png; path = legend_en.png; sourceTree = "<group>"; };
		586061961AB6C83E00E1F565 /* MFALegendViewController.h */ = {isa = PBXFileReference; fileEncoding = 4; lastKnownFileType = sourcecode.c.h; name = MFALegendViewController.h; path = controllers/MFALegendViewController.h; sourceTree = "<group>"; };
		586061971AB6C83E00E1F565 /* MFALegendViewController.m */ = {isa = PBXFileReference; fileEncoding = 4; lastKnownFileType = sourcecode.c.objc; name = MFALegendViewController.m; path = controllers/MFALegendViewController.m; sourceTree = "<group>"; };
		58907D251AB2F91100013A59 /* MFAPortalAnnotationView.h */ = {isa = PBXFileReference; fileEncoding = 4; lastKnownFileType = sourcecode.c.h; path = MFAPortalAnnotationView.h; sourceTree = "<group>"; };
		58907D261AB2F91100013A59 /* MFAPortalAnnotationView.m */ = {isa = PBXFileReference; fileEncoding = 4; lastKnownFileType = sourcecode.c.objc; path = MFAPortalAnnotationView.m; sourceTree = "<group>"; };
		58B0DA381AA5F26C0011A4A4 /* MFACityDataParser.h */ = {isa = PBXFileReference; fileEncoding = 4; lastKnownFileType = sourcecode.c.h; name = MFACityDataParser.h; path = models/MFACityDataParser.h; sourceTree = "<group>"; };
		58B0DA391AA5F26C0011A4A4 /* MFACityDataParser.m */ = {isa = PBXFileReference; fileEncoding = 4; lastKnownFileType = sourcecode.c.objc; name = MFACityDataParser.m; path = models/MFACityDataParser.m; sourceTree = "<group>"; };
		58B0DA3B1AA707C20011A4A4 /* MFAStationsListViewController.h */ = {isa = PBXFileReference; fileEncoding = 4; lastKnownFileType = sourcecode.c.h; path = MFAStationsListViewController.h; sourceTree = "<group>"; };
		58B0DA3C1AA707C20011A4A4 /* MFAStationsListViewController.m */ = {isa = PBXFileReference; fileEncoding = 4; lastKnownFileType = sourcecode.c.objc; path = MFAStationsListViewController.m; sourceTree = "<group>"; };
		58B0DA401AA709C80011A4A4 /* MFAStationListTableViewCell.h */ = {isa = PBXFileReference; fileEncoding = 4; lastKnownFileType = sourcecode.c.h; path = MFAStationListTableViewCell.h; sourceTree = "<group>"; };
		58B0DA411AA709C80011A4A4 /* MFAStationListTableViewCell.m */ = {isa = PBXFileReference; fileEncoding = 4; lastKnownFileType = sourcecode.c.objc; path = MFAStationListTableViewCell.m; sourceTree = "<group>"; };
		58B0DA431AA70DBB0011A4A4 /* MFAStationsListViewModel.h */ = {isa = PBXFileReference; fileEncoding = 4; lastKnownFileType = sourcecode.c.h; path = MFAStationsListViewModel.h; sourceTree = "<group>"; };
		58B0DA441AA70DBB0011A4A4 /* MFAStationsListViewModel.m */ = {isa = PBXFileReference; fileEncoding = 4; lastKnownFileType = sourcecode.c.objc; path = MFAStationsListViewModel.m; sourceTree = "<group>"; };
		58B112021B64E7D400302F0C /* MFACityManager.h */ = {isa = PBXFileReference; fileEncoding = 4; lastKnownFileType = sourcecode.c.h; path = MFACityManager.h; sourceTree = "<group>"; };
		58B112031B64E7D400302F0C /* MFACityManager.m */ = {isa = PBXFileReference; fileEncoding = 4; lastKnownFileType = sourcecode.c.objc; path = MFACityManager.m; sourceTree = "<group>"; };
		58C60AC61AE4FF7200FA1D1A /* MFASelectStationViewController.h */ = {isa = PBXFileReference; fileEncoding = 4; lastKnownFileType = sourcecode.c.h; name = MFASelectStationViewController.h; path = controllers/MFASelectStationViewController.h; sourceTree = "<group>"; };
		58C60AC71AE4FF7200FA1D1A /* MFASelectStationViewController.m */ = {isa = PBXFileReference; fileEncoding = 4; lastKnownFileType = sourcecode.c.objc; name = MFASelectStationViewController.m; path = controllers/MFASelectStationViewController.m; sourceTree = "<group>"; };
		58CA3DB71AC577EA00205567 /* MFAPortalAnnotation.h */ = {isa = PBXFileReference; fileEncoding = 4; lastKnownFileType = sourcecode.c.h; name = MFAPortalAnnotation.h; path = models/MFAPortalAnnotation.h; sourceTree = "<group>"; };
		58CA3DB81AC577EA00205567 /* MFAPortalAnnotation.m */ = {isa = PBXFileReference; fileEncoding = 4; lastKnownFileType = sourcecode.c.objc; name = MFAPortalAnnotation.m; path = models/MFAPortalAnnotation.m; sourceTree = "<group>"; };
		58CA3DE41AC936EF00205567 /* NSString+Utils.h */ = {isa = PBXFileReference; fileEncoding = 4; lastKnownFileType = sourcecode.c.h; path = "NSString+Utils.h"; sourceTree = "<group>"; };
		58CA3DE51AC936F000205567 /* NSString+Utils.m */ = {isa = PBXFileReference; fileEncoding = 4; lastKnownFileType = sourcecode.c.objc; path = "NSString+Utils.m"; sourceTree = "<group>"; };
		58CA3DE71AC9376200205567 /* NSStringUtilsTests.m */ = {isa = PBXFileReference; fileEncoding = 4; lastKnownFileType = sourcecode.c.objc; path = NSStringUtilsTests.m; sourceTree = "<group>"; };
		58CE3D911AEFEE5700F91F0A /* MFAMenuContainerViewController.h */ = {isa = PBXFileReference; fileEncoding = 4; lastKnownFileType = sourcecode.c.h; name = MFAMenuContainerViewController.h; path = "metro4all-ios/controllers/MFAMenuContainerViewController.h"; sourceTree = "<group>"; };
		58CE3D921AEFEE5700F91F0A /* MFAMenuContainerViewController.m */ = {isa = PBXFileReference; fileEncoding = 4; lastKnownFileType = sourcecode.c.objc; name = MFAMenuContainerViewController.m; path = "metro4all-ios/controllers/MFAMenuContainerViewController.m"; sourceTree = "<group>"; };
		58CE3D941AEFEE6700F91F0A /* MFASideMenuViewController.h */ = {isa = PBXFileReference; fileEncoding = 4; lastKnownFileType = sourcecode.c.h; name = MFASideMenuViewController.h; path = "metro4all-ios/controllers/MFASideMenuViewController.h"; sourceTree = "<group>"; };
		58CE3D951AEFEE6700F91F0A /* MFASideMenuViewController.m */ = {isa = PBXFileReference; fileEncoding = 4; lastKnownFileType = sourcecode.c.objc; name = MFASideMenuViewController.m; path = "metro4all-ios/controllers/MFASideMenuViewController.m"; sourceTree = "<group>"; };
		58CF18191ACBD5DD0042F898 /* _MFAStation.h */ = {isa = PBXFileReference; fileEncoding = 4; lastKnownFileType = sourcecode.c.h; name = _MFAStation.h; path = models/coredata/_MFAStation.h; sourceTree = "<group>"; };
		58CF181A1ACBD5DD0042F898 /* _MFAStation.m */ = {isa = PBXFileReference; fileEncoding = 4; lastKnownFileType = sourcecode.c.objc; name = _MFAStation.m; path = models/coredata/_MFAStation.m; sourceTree = "<group>"; };
		58CF181B1ACBD5DD0042F898 /* MFAStation.h */ = {isa = PBXFileReference; fileEncoding = 4; lastKnownFileType = sourcecode.c.h; name = MFAStation.h; path = models/coredata/MFAStation.h; sourceTree = "<group>"; };
		58CF181C1ACBD5DD0042F898 /* MFAStation.m */ = {isa = PBXFileReference; fileEncoding = 4; lastKnownFileType = sourcecode.c.objc; name = MFAStation.m; path = models/coredata/MFAStation.m; sourceTree = "<group>"; };
		58CF181D1ACBD5DD0042F898 /* _MFACity.h */ = {isa = PBXFileReference; fileEncoding = 4; lastKnownFileType = sourcecode.c.h; name = _MFACity.h; path = models/coredata/_MFACity.h; sourceTree = "<group>"; };
		58CF181E1ACBD5DD0042F898 /* _MFACity.m */ = {isa = PBXFileReference; fileEncoding = 4; lastKnownFileType = sourcecode.c.objc; name = _MFACity.m; path = models/coredata/_MFACity.m; sourceTree = "<group>"; };
		58CF181F1ACBD5DD0042F898 /* _MFAInterchange.h */ = {isa = PBXFileReference; fileEncoding = 4; lastKnownFileType = sourcecode.c.h; name = _MFAInterchange.h; path = models/coredata/_MFAInterchange.h; sourceTree = "<group>"; };
		58CF18201ACBD5DD0042F898 /* _MFAInterchange.m */ = {isa = PBXFileReference; fileEncoding = 4; lastKnownFileType = sourcecode.c.objc; name = _MFAInterchange.m; path = models/coredata/_MFAInterchange.m; sourceTree = "<group>"; };
		58CF18211ACBD5DD0042F898 /* _MFALine.h */ = {isa = PBXFileReference; fileEncoding = 4; lastKnownFileType = sourcecode.c.h; name = _MFALine.h; path = models/coredata/_MFALine.h; sourceTree = "<group>"; };
		58CF18221ACBD5DD0042F898 /* _MFALine.m */ = {isa = PBXFileReference; fileEncoding = 4; lastKnownFileType = sourcecode.c.objc; name = _MFALine.m; path = models/coredata/_MFALine.m; sourceTree = "<group>"; };
		58CF18231ACBD5DD0042F898 /* _MFANode.h */ = {isa = PBXFileReference; fileEncoding = 4; lastKnownFileType = sourcecode.c.h; name = _MFANode.h; path = models/coredata/_MFANode.h; sourceTree = "<group>"; };
		58CF18241ACBD5DD0042F898 /* _MFANode.m */ = {isa = PBXFileReference; fileEncoding = 4; lastKnownFileType = sourcecode.c.objc; name = _MFANode.m; path = models/coredata/_MFANode.m; sourceTree = "<group>"; };
		58CF18251ACBD5DD0042F898 /* _MFAPortal.h */ = {isa = PBXFileReference; fileEncoding = 4; lastKnownFileType = sourcecode.c.h; name = _MFAPortal.h; path = models/coredata/_MFAPortal.h; sourceTree = "<group>"; };
		58CF18261ACBD5DD0042F898 /* _MFAPortal.m */ = {isa = PBXFileReference; fileEncoding = 4; lastKnownFileType = sourcecode.c.objc; name = _MFAPortal.m; path = models/coredata/_MFAPortal.m; sourceTree = "<group>"; };
		58CF18271ACBD5DD0042F898 /* MFACity.h */ = {isa = PBXFileReference; fileEncoding = 4; lastKnownFileType = sourcecode.c.h; name = MFACity.h; path = models/coredata/MFACity.h; sourceTree = "<group>"; };
		58CF18281ACBD5DD0042F898 /* MFACity.m */ = {isa = PBXFileReference; fileEncoding = 4; lastKnownFileType = sourcecode.c.objc; name = MFACity.m; path = models/coredata/MFACity.m; sourceTree = "<group>"; };
		58CF18291ACBD5DD0042F898 /* MFAInterchange.h */ = {isa = PBXFileReference; fileEncoding = 4; lastKnownFileType = sourcecode.c.h; name = MFAInterchange.h; path = models/coredata/MFAInterchange.h; sourceTree = "<group>"; };
		58CF182A1ACBD5DD0042F898 /* MFAInterchange.m */ = {isa = PBXFileReference; fileEncoding = 4; lastKnownFileType = sourcecode.c.objc; name = MFAInterchange.m; path = models/coredata/MFAInterchange.m; sourceTree = "<group>"; };
		58CF182B1ACBD5DD0042F898 /* MFALine.h */ = {isa = PBXFileReference; fileEncoding = 4; lastKnownFileType = sourcecode.c.h; name = MFALine.h; path = models/coredata/MFALine.h; sourceTree = "<group>"; };
		58CF182C1ACBD5DD0042F898 /* MFALine.m */ = {isa = PBXFileReference; fileEncoding = 4; lastKnownFileType = sourcecode.c.objc; name = MFALine.m; path = models/coredata/MFALine.m; sourceTree = "<group>"; };
		58CF182D1ACBD5DD0042F898 /* MFANode.h */ = {isa = PBXFileReference; fileEncoding = 4; lastKnownFileType = sourcecode.c.h; name = MFANode.h; path = models/coredata/MFANode.h; sourceTree = "<group>"; };
		58CF182E1ACBD5DD0042F898 /* MFANode.m */ = {isa = PBXFileReference; fileEncoding = 4; lastKnownFileType = sourcecode.c.objc; name = MFANode.m; path = models/coredata/MFANode.m; sourceTree = "<group>"; };
		58CF182F1ACBD5DD0042F898 /* MFAPortal.h */ = {isa = PBXFileReference; fileEncoding = 4; lastKnownFileType = sourcecode.c.h; name = MFAPortal.h; path = models/coredata/MFAPortal.h; sourceTree = "<group>"; };
		58CF18301ACBD5DD0042F898 /* MFAPortal.m */ = {isa = PBXFileReference; fileEncoding = 4; lastKnownFileType = sourcecode.c.objc; name = MFAPortal.m; path = models/coredata/MFAPortal.m; sourceTree = "<group>"; };
		58E179741ADC06C200D50060 /* NSDictionary+CityMeta.h */ = {isa = PBXFileReference; fileEncoding = 4; lastKnownFileType = sourcecode.c.h; name = "NSDictionary+CityMeta.h"; path = "models/NSDictionary+CityMeta.h"; sourceTree = "<group>"; };
		58E179751ADC06C200D50060 /* NSDictionary+CityMeta.m */ = {isa = PBXFileReference; fileEncoding = 4; lastKnownFileType = sourcecode.c.objc; name = "NSDictionary+CityMeta.m"; path = "models/NSDictionary+CityMeta.m"; sourceTree = "<group>"; };
		58F8954A1AE946D1001DF1DD /* MFALineColorView.h */ = {isa = PBXFileReference; fileEncoding = 4; lastKnownFileType = sourcecode.c.h; name = MFALineColorView.h; path = views/MFALineColorView.h; sourceTree = "<group>"; };
		58F8954B1AE946D1001DF1DD /* MFALineColorView.m */ = {isa = PBXFileReference; fileEncoding = 4; lastKnownFileType = sourcecode.c.objc; name = MFALineColorView.m; path = views/MFALineColorView.m; sourceTree = "<group>"; };
		58F8954E1AE948FA001DF1DD /* MFARouteTableViewStationCell.h */ = {isa = PBXFileReference; fileEncoding = 4; lastKnownFileType = sourcecode.c.h; name = MFARouteTableViewStationCell.h; path = views/MFARouteTableViewStationCell.h; sourceTree = "<group>"; };
		58F8954F1AE948FA001DF1DD /* MFARouteTableViewStationCell.m */ = {isa = PBXFileReference; fileEncoding = 4; lastKnownFileType = sourcecode.c.objc; name = MFARouteTableViewStationCell.m; path = views/MFARouteTableViewStationCell.m; sourceTree = "<group>"; };
		58F895511AE95197001DF1DD /* MFAInterchangeLineColorView.h */ = {isa = PBXFileReference; fileEncoding = 4; lastKnownFileType = sourcecode.c.h; name = MFAInterchangeLineColorView.h; path = views/MFAInterchangeLineColorView.h; sourceTree = "<group>"; };
		58F895521AE95197001DF1DD /* MFAInterchangeLineColorView.m */ = {isa = PBXFileReference; fileEncoding = 4; lastKnownFileType = sourcecode.c.objc; name = MFAInterchangeLineColorView.m; path = views/MFAInterchangeLineColorView.m; sourceTree = "<group>"; };
		58F895541AE95232001DF1DD /* MFARouteTableViewInterchangeCell.h */ = {isa = PBXFileReference; fileEncoding = 4; lastKnownFileType = sourcecode.c.h; name = MFARouteTableViewInterchangeCell.h; path = views/MFARouteTableViewInterchangeCell.h; sourceTree = "<group>"; };
		58F895551AE95232001DF1DD /* MFARouteTableViewInterchangeCell.m */ = {isa = PBXFileReference; fileEncoding = 4; lastKnownFileType = sourcecode.c.objc; name = MFARouteTableViewInterchangeCell.m; path = views/MFARouteTableViewInterchangeCell.m; sourceTree = "<group>"; };
		58F95EC41AA48FB600E22EF6 /* metro4all-ios.app */ = {isa = PBXFileReference; explicitFileType = wrapper.application; includeInIndex = 0; path = "metro4all-ios.app"; sourceTree = BUILT_PRODUCTS_DIR; };
		58F95EC81AA48FB600E22EF6 /* Info.plist */ = {isa = PBXFileReference; lastKnownFileType = text.plist.xml; path = Info.plist; sourceTree = "<group>"; };
		58F95EC91AA48FB600E22EF6 /* main.m */ = {isa = PBXFileReference; lastKnownFileType = sourcecode.c.objc; path = main.m; sourceTree = "<group>"; };
		58F95ECB1AA48FB600E22EF6 /* AppDelegate.h */ = {isa = PBXFileReference; lastKnownFileType = sourcecode.c.h; path = AppDelegate.h; sourceTree = "<group>"; };
		58F95ECC1AA48FB600E22EF6 /* AppDelegate.m */ = {isa = PBXFileReference; lastKnownFileType = sourcecode.c.objc; path = AppDelegate.m; sourceTree = "<group>"; };
		58F95ECF1AA48FB600E22EF6 /* metro4all_ios.xcdatamodel */ = {isa = PBXFileReference; lastKnownFileType = wrapper.xcdatamodel; path = metro4all_ios.xcdatamodel; sourceTree = "<group>"; };
		58F95ED11AA48FB600E22EF6 /* MFASelectCityViewController.h */ = {isa = PBXFileReference; lastKnownFileType = sourcecode.c.h; path = MFASelectCityViewController.h; sourceTree = "<group>"; };
		58F95ED21AA48FB600E22EF6 /* MFASelectCityViewController.m */ = {isa = PBXFileReference; lastKnownFileType = sourcecode.c.objc; path = MFASelectCityViewController.m; sourceTree = "<group>"; };
		58F95ED51AA48FB600E22EF6 /* Base */ = {isa = PBXFileReference; lastKnownFileType = file.storyboard; name = Base; path = Base.lproj/Main.storyboard; sourceTree = "<group>"; };
		58F95ED71AA48FB600E22EF6 /* Images.xcassets */ = {isa = PBXFileReference; lastKnownFileType = folder.assetcatalog; path = Images.xcassets; sourceTree = "<group>"; };
		58F95EE01AA48FB600E22EF6 /* metro4all-iosTests.xctest */ = {isa = PBXFileReference; explicitFileType = wrapper.cfbundle; includeInIndex = 0; path = "metro4all-iosTests.xctest"; sourceTree = BUILT_PRODUCTS_DIR; };
		58F95EE51AA48FB600E22EF6 /* Info.plist */ = {isa = PBXFileReference; lastKnownFileType = text.plist.xml; path = Info.plist; sourceTree = "<group>"; };
		58F95EE61AA48FB600E22EF6 /* metro4all_iosTests.m */ = {isa = PBXFileReference; lastKnownFileType = sourcecode.c.objc; path = metro4all_iosTests.m; sourceTree = "<group>"; };
		58F95EF41AA4A16100E22EF6 /* MFAStoryboardProxy.h */ = {isa = PBXFileReference; fileEncoding = 4; lastKnownFileType = sourcecode.c.h; name = MFAStoryboardProxy.h; path = models/MFAStoryboardProxy.h; sourceTree = "<group>"; };
		58F95EF51AA4A16100E22EF6 /* MFAStoryboardProxy.m */ = {isa = PBXFileReference; fileEncoding = 4; lastKnownFileType = sourcecode.c.objc; name = MFAStoryboardProxy.m; path = models/MFAStoryboardProxy.m; sourceTree = "<group>"; };
		58F95EF71AA4B2C800E22EF6 /* MFASelectCityViewModel.h */ = {isa = PBXFileReference; fileEncoding = 4; lastKnownFileType = sourcecode.c.h; path = MFASelectCityViewModel.h; sourceTree = "<group>"; };
		58F95EF81AA4B2C800E22EF6 /* MFASelectCityViewModel.m */ = {isa = PBXFileReference; fileEncoding = 4; lastKnownFileType = sourcecode.c.objc; path = MFASelectCityViewModel.m; sourceTree = "<group>"; };
		650638ADED9348536CB287EB /* libPods-metro4all-ios.a */ = {isa = PBXFileReference; explicitFileType = archive.ar; includeInIndex = 0; path = "libPods-metro4all-ios.a"; sourceTree = BUILT_PRODUCTS_DIR; };
		9F0CB2A765B00354E4F0D495 /* Pods-metro4all-ios.debug.xcconfig */ = {isa = PBXFileReference; includeInIndex = 1; lastKnownFileType = text.xcconfig; name = "Pods-metro4all-ios.debug.xcconfig"; path = "Pods/Target Support Files/Pods-metro4all-ios/Pods-metro4all-ios.debug.xcconfig"; sourceTree = "<group>"; };
/* End PBXFileReference section */

/* Begin PBXFrameworksBuildPhase section */
		58F95EC11AA48FB600E22EF6 /* Frameworks */ = {
			isa = PBXFrameworksBuildPhase;
			buildActionMask = 2147483647;
			files = (
				581091E01ACC6F6500FDCC61 /* Crashlytics.framework in Frameworks */,
				EA07EF5930494CD34D1FF1CB /* libPods-metro4all-ios.a in Frameworks */,
				581A6DDE1B459A20001D7227 /* Fabric.framework in Frameworks */,
			);
			runOnlyForDeploymentPostprocessing = 0;
		};
		58F95EDD1AA48FB600E22EF6 /* Frameworks */ = {
			isa = PBXFrameworksBuildPhase;
			buildActionMask = 2147483647;
			files = (
			);
			runOnlyForDeploymentPostprocessing = 0;
		};
/* End PBXFrameworksBuildPhase section */

/* Begin PBXGroup section */
		0C4C889D0E040CF79D9A27C0 /* Frameworks */ = {
			isa = PBXGroup;
			children = (
				581A6DDD1B459A20001D7227 /* Fabric.framework */,
				581091DF1ACC6F6500FDCC61 /* Crashlytics.framework */,
				650638ADED9348536CB287EB /* libPods-metro4all-ios.a */,
			);
			name = Frameworks;
			sourceTree = "<group>";
		};
		58136E8B1AA5F1B600512D29 /* CoreData */ = {
			isa = PBXGroup;
			children = (
				58CF181D1ACBD5DD0042F898 /* _MFACity.h */,
				58CF181E1ACBD5DD0042F898 /* _MFACity.m */,
				58CF181F1ACBD5DD0042F898 /* _MFAInterchange.h */,
				58CF18201ACBD5DD0042F898 /* _MFAInterchange.m */,
				58CF18211ACBD5DD0042F898 /* _MFALine.h */,
				58CF18221ACBD5DD0042F898 /* _MFALine.m */,
				58CF18231ACBD5DD0042F898 /* _MFANode.h */,
				58CF18241ACBD5DD0042F898 /* _MFANode.m */,
				58CF18251ACBD5DD0042F898 /* _MFAPortal.h */,
				58CF18261ACBD5DD0042F898 /* _MFAPortal.m */,
				58CF18191ACBD5DD0042F898 /* _MFAStation.h */,
				58CF181A1ACBD5DD0042F898 /* _MFAStation.m */,
				58CF18271ACBD5DD0042F898 /* MFACity.h */,
				58CF18281ACBD5DD0042F898 /* MFACity.m */,
				58CF18291ACBD5DD0042F898 /* MFAInterchange.h */,
				58CF182A1ACBD5DD0042F898 /* MFAInterchange.m */,
				58CF182B1ACBD5DD0042F898 /* MFALine.h */,
				58CF182C1ACBD5DD0042F898 /* MFALine.m */,
				58CF182D1ACBD5DD0042F898 /* MFANode.h */,
				58CF182E1ACBD5DD0042F898 /* MFANode.m */,
				58CF182F1ACBD5DD0042F898 /* MFAPortal.h */,
				58CF18301ACBD5DD0042F898 /* MFAPortal.m */,
				58CF181B1ACBD5DD0042F898 /* MFAStation.h */,
				58CF181C1ACBD5DD0042F898 /* MFAStation.m */,
			);
			name = CoreData;
			sourceTree = "<group>";
		};
		582345591ADED0C300BBBE24 /* Graph */ = {
			isa = PBXGroup;
			children = (
				5823455D1ADED13C00BBBE24 /* MFARouter.h */,
				5823455E1ADED13C00BBBE24 /* MFARouter.m */,
			);
			name = Graph;
			sourceTree = "<group>";
		};
		582409041B77772A009BBDF8 /* Feedback */ = {
			isa = PBXGroup;
			children = (
				582409051B77773A009BBDF8 /* MFAFeedbackViewController.h */,
				582409061B77773A009BBDF8 /* MFAFeedbackViewController.m */,
				582409081B779D85009BBDF8 /* PhotoCollectionViewCell.h */,
				582409091B779D85009BBDF8 /* PhotoCollectionViewCell.m */,
				582409111B77A645009BBDF8 /* StyleKit.h */,
				582409121B77A645009BBDF8 /* StyleKit.m */,
				582409141B77A7D2009BBDF8 /* Buttons.h */,
				582409151B77A7D2009BBDF8 /* Buttons.m */,
			);
			name = Feedback;
			sourceTree = "<group>";
		};
		583B48F51AA74B8E00138E1F /* Station Map */ = {
			isa = PBXGroup;
			children = (
				58907D251AB2F91100013A59 /* MFAPortalAnnotationView.h */,
				58907D261AB2F91100013A59 /* MFAPortalAnnotationView.m */,
				583B48F61AA74BA500138E1F /* MFAStationMapViewModel.h */,
				583B48F71AA74BA500138E1F /* MFAStationMapViewModel.m */,
				583B48F91AA74BB200138E1F /* MFAStationMapViewController.h */,
				583B48FA1AA74BB200138E1F /* MFAStationMapViewController.m */,
				58CA3DB71AC577EA00205567 /* MFAPortalAnnotation.h */,
				58CA3DB81AC577EA00205567 /* MFAPortalAnnotation.m */,
			);
			name = "Station Map";
			sourceTree = "<group>";
		};
		5860618F1AB6C7E100E1F565 /* Scheme Legend */ = {
			isa = PBXGroup;
			children = (
				586061901AB6C7F700E1F565 /* legend_pl.png */,
				586061911AB6C7F700E1F565 /* legend_ru.png */,
				586061921AB6C7F700E1F565 /* legend_en.png */,
				586061961AB6C83E00E1F565 /* MFALegendViewController.h */,
				586061971AB6C83E00E1F565 /* MFALegendViewController.m */,
			);
			name = "Scheme Legend";
			sourceTree = "<group>";
		};
		58B0DA3E1AA707CC0011A4A4 /* Select City */ = {
			isa = PBXGroup;
			children = (
				58F95ED11AA48FB600E22EF6 /* MFASelectCityViewController.h */,
				58F95ED21AA48FB600E22EF6 /* MFASelectCityViewController.m */,
				58F95EF71AA4B2C800E22EF6 /* MFASelectCityViewModel.h */,
				58F95EF81AA4B2C800E22EF6 /* MFASelectCityViewModel.m */,
				58136E881AA4B4CD00512D29 /* MFASelectCityTableViewCell.h */,
				58136E891AA4B4CD00512D29 /* MFASelectCityTableViewCell.m */,
				58E179741ADC06C200D50060 /* NSDictionary+CityMeta.h */,
				58E179751ADC06C200D50060 /* NSDictionary+CityMeta.m */,
			);
			name = "Select City";
			sourceTree = "<group>";
		};
		58B0DA3F1AA709990011A4A4 /* Stations List */ = {
			isa = PBXGroup;
			children = (
				58B0DA401AA709C80011A4A4 /* MFAStationListTableViewCell.h */,
				58B0DA411AA709C80011A4A4 /* MFAStationListTableViewCell.m */,
				58B0DA431AA70DBB0011A4A4 /* MFAStationsListViewModel.h */,
				58B0DA441AA70DBB0011A4A4 /* MFAStationsListViewModel.m */,
				58B0DA3B1AA707C20011A4A4 /* MFAStationsListViewController.h */,
				58B0DA3C1AA707C20011A4A4 /* MFAStationsListViewController.m */,
			);
			name = "Stations List";
			sourceTree = "<group>";
		};
		58B112011B64E7C300302F0C /* City Manager */ = {
			isa = PBXGroup;
			children = (
				58B112021B64E7D400302F0C /* MFACityManager.h */,
				58B112031B64E7D400302F0C /* MFACityManager.m */,
			);
			name = "City Manager";
			sourceTree = "<group>";
		};
		58B6422E1B6B6444002F2F23 /* Translations */ = {
			isa = PBXGroup;
			children = (
				583A4EBE1B6F61D80028148D /* Localizable.strings */,
			);
			name = Translations;
			sourceTree = "<group>";
		};
		58CE3D901AEFEE2700F91F0A /* Side Menu Container */ = {
			isa = PBXGroup;
			children = (
				58CE3D911AEFEE5700F91F0A /* MFAMenuContainerViewController.h */,
				58CE3D921AEFEE5700F91F0A /* MFAMenuContainerViewController.m */,
				58CE3D941AEFEE6700F91F0A /* MFASideMenuViewController.h */,
				58CE3D951AEFEE6700F91F0A /* MFASideMenuViewController.m */,
			);
			name = "Side Menu Container";
			path = ..;
			sourceTree = "<group>";
		};
		58F8954D1AE948CA001DF1DD /* Select Stations (Main Screen) */ = {
			isa = PBXGroup;
			children = (
				58F8954A1AE946D1001DF1DD /* MFALineColorView.h */,
				58F8954B1AE946D1001DF1DD /* MFALineColorView.m */,
				58F895511AE95197001DF1DD /* MFAInterchangeLineColorView.h */,
				58F895521AE95197001DF1DD /* MFAInterchangeLineColorView.m */,
				58F8954E1AE948FA001DF1DD /* MFARouteTableViewStationCell.h */,
				58F8954F1AE948FA001DF1DD /* MFARouteTableViewStationCell.m */,
				58F895541AE95232001DF1DD /* MFARouteTableViewInterchangeCell.h */,
				58F895551AE95232001DF1DD /* MFARouteTableViewInterchangeCell.m */,
				58C60AC61AE4FF7200FA1D1A /* MFASelectStationViewController.h */,
				58C60AC71AE4FF7200FA1D1A /* MFASelectStationViewController.m */,
			);
			name = "Select Stations (Main Screen)";
			sourceTree = "<group>";
		};
		58F95EBB1AA48FB600E22EF6 = {
			isa = PBXGroup;
			children = (
				58F95EC61AA48FB600E22EF6 /* metro4all-ios */,
				58F95EE31AA48FB600E22EF6 /* metro4all-iosTests */,
				58F95EC51AA48FB600E22EF6 /* Products */,
				F98225E7443935083BAA97EF /* Pods */,
				0C4C889D0E040CF79D9A27C0 /* Frameworks */,
			);
			sourceTree = "<group>";
		};
		58F95EC51AA48FB600E22EF6 /* Products */ = {
			isa = PBXGroup;
			children = (
				58F95EC41AA48FB600E22EF6 /* metro4all-ios.app */,
				58F95EE01AA48FB600E22EF6 /* metro4all-iosTests.xctest */,
			);
			name = Products;
			sourceTree = "<group>";
		};
		58F95EC61AA48FB600E22EF6 /* metro4all-ios */ = {
			isa = PBXGroup;
			children = (
				582409041B77772A009BBDF8 /* Feedback */,
				58B112011B64E7C300302F0C /* City Manager */,
				58F95ECB1AA48FB600E22EF6 /* AppDelegate.h */,
				58F95ECC1AA48FB600E22EF6 /* AppDelegate.m */,
				58CE3D901AEFEE2700F91F0A /* Side Menu Container */,
				58B0DA3E1AA707CC0011A4A4 /* Select City */,
				58B0DA3F1AA709990011A4A4 /* Stations List */,
				583B48F51AA74B8E00138E1F /* Station Map */,
				5860618F1AB6C7E100E1F565 /* Scheme Legend */,
				58F8954D1AE948CA001DF1DD /* Select Stations (Main Screen) */,
				58F95ED41AA48FB600E22EF6 /* Main.storyboard */,
				58F95ED71AA48FB600E22EF6 /* Images.xcassets */,
				581A6DE41B4BED90001D7227 /* metro4all_ios1-2.xcmappingmodel */,
				58F95ECE1AA48FB600E22EF6 /* metro4all_ios.xcdatamodeld */,
				58F95EC71AA48FB600E22EF6 /* Supporting Files */,
				58F95EF31AA49C5B00E22EF6 /* Models */,
				58CA3DE41AC936EF00205567 /* NSString+Utils.h */,
				58CA3DE51AC936F000205567 /* NSString+Utils.m */,
			);
			path = "metro4all-ios";
			sourceTree = "<group>";
		};
		58F95EC71AA48FB600E22EF6 /* Supporting Files */ = {
			isa = PBXGroup;
			children = (
				58B6422E1B6B6444002F2F23 /* Translations */,
				58F95EC81AA48FB600E22EF6 /* Info.plist */,
				58F95EC91AA48FB600E22EF6 /* main.m */,
			);
			name = "Supporting Files";
			sourceTree = "<group>";
		};
		58F95EE31AA48FB600E22EF6 /* metro4all-iosTests */ = {
			isa = PBXGroup;
			children = (
				58F95EE61AA48FB600E22EF6 /* metro4all_iosTests.m */,
				58F95EE41AA48FB600E22EF6 /* Supporting Files */,
				58CA3DE71AC9376200205567 /* NSStringUtilsTests.m */,
				582345601ADED87400BBBE24 /* RouterTests.m */,
			);
			path = "metro4all-iosTests";
			sourceTree = "<group>";
		};
		58F95EE41AA48FB600E22EF6 /* Supporting Files */ = {
			isa = PBXGroup;
			children = (
				58F95EE51AA48FB600E22EF6 /* Info.plist */,
				582345621ADED8C100BBBE24 /* stations.json */,
				582345641ADED97900BBBE24 /* edges.json */,
			);
			name = "Supporting Files";
			sourceTree = "<group>";
		};
		58F95EF31AA49C5B00E22EF6 /* Models */ = {
			isa = PBXGroup;
			children = (
				582345591ADED0C300BBBE24 /* Graph */,
				58136E8B1AA5F1B600512D29 /* CoreData */,
				58F95EF41AA4A16100E22EF6 /* MFAStoryboardProxy.h */,
				58F95EF51AA4A16100E22EF6 /* MFAStoryboardProxy.m */,
				58B0DA381AA5F26C0011A4A4 /* MFACityDataParser.h */,
				58B0DA391AA5F26C0011A4A4 /* MFACityDataParser.m */,
			);
			name = Models;
			sourceTree = "<group>";
		};
		F98225E7443935083BAA97EF /* Pods */ = {
			isa = PBXGroup;
			children = (
				9F0CB2A765B00354E4F0D495 /* Pods-metro4all-ios.debug.xcconfig */,
				223B3F0B6D4C0D89442A5B81 /* Pods-metro4all-ios.release.xcconfig */,
			);
			name = Pods;
			sourceTree = "<group>";
		};
/* End PBXGroup section */

/* Begin PBXNativeTarget section */
		58F95EC31AA48FB600E22EF6 /* metro4all-ios */ = {
			isa = PBXNativeTarget;
			buildConfigurationList = 58F95EEA1AA48FB600E22EF6 /* Build configuration list for PBXNativeTarget "metro4all-ios" */;
			buildPhases = (
				EB4754F92429D2A74496A7C5 /* Check Pods Manifest.lock */,
				58F95EC01AA48FB600E22EF6 /* Sources */,
				58F95EC11AA48FB600E22EF6 /* Frameworks */,
				58F95EC21AA48FB600E22EF6 /* Resources */,
				FF177237D2BB2AE34EC5807E /* Copy Pods Resources */,
				581091DE1ACC6F4400FDCC61 /* ShellScript */,
			);
			buildRules = (
			);
			dependencies = (
			);
			name = "metro4all-ios";
			productName = "metro4all-ios";
			productReference = 58F95EC41AA48FB600E22EF6 /* metro4all-ios.app */;
			productType = "com.apple.product-type.application";
		};
		58F95EDF1AA48FB600E22EF6 /* metro4all-iosTests */ = {
			isa = PBXNativeTarget;
			buildConfigurationList = 58F95EED1AA48FB600E22EF6 /* Build configuration list for PBXNativeTarget "metro4all-iosTests" */;
			buildPhases = (
				58F95EDC1AA48FB600E22EF6 /* Sources */,
				58F95EDD1AA48FB600E22EF6 /* Frameworks */,
				58F95EDE1AA48FB600E22EF6 /* Resources */,
			);
			buildRules = (
			);
			dependencies = (
				58F95EE21AA48FB600E22EF6 /* PBXTargetDependency */,
			);
			name = "metro4all-iosTests";
			productName = "metro4all-iosTests";
			productReference = 58F95EE01AA48FB600E22EF6 /* metro4all-iosTests.xctest */;
			productType = "com.apple.product-type.bundle.unit-test";
		};
/* End PBXNativeTarget section */

/* Begin PBXProject section */
		58F95EBC1AA48FB600E22EF6 /* Project object */ = {
			isa = PBXProject;
			attributes = {
				CLASSPREFIX = MFA;
				LastUpgradeCheck = 0630;
				ORGANIZATIONNAME = "Maxim Smirnov";
				TargetAttributes = {
					58F95EC31AA48FB600E22EF6 = {
						CreatedOnToolsVersion = 6.3;
						DevelopmentTeam = A65C694QW9;
					};
					58F95EDF1AA48FB600E22EF6 = {
						CreatedOnToolsVersion = 6.3;
						TestTargetID = 58F95EC31AA48FB600E22EF6;
					};
				};
			};
			buildConfigurationList = 58F95EBF1AA48FB600E22EF6 /* Build configuration list for PBXProject "metro4all-ios" */;
			compatibilityVersion = "Xcode 3.2";
			developmentRegion = English;
			hasScannedForEncodings = 0;
			knownRegions = (
				en,
				Base,
				ru,
				uk,
				pl,
				be,
			);
			mainGroup = 58F95EBB1AA48FB600E22EF6;
			productRefGroup = 58F95EC51AA48FB600E22EF6 /* Products */;
			projectDirPath = "";
			projectRoot = "";
			targets = (
				58F95EC31AA48FB600E22EF6 /* metro4all-ios */,
				58F95EDF1AA48FB600E22EF6 /* metro4all-iosTests */,
			);
		};
/* End PBXProject section */

/* Begin PBXResourcesBuildPhase section */
		58F95EC21AA48FB600E22EF6 /* Resources */ = {
			isa = PBXResourcesBuildPhase;
			buildActionMask = 2147483647;
			files = (
				586061941AB6C7F700E1F565 /* legend_ru.png in Resources */,
				583A4EC01B6F61D80028148D /* Localizable.strings in Resources */,
				58F95ED61AA48FB600E22EF6 /* Main.storyboard in Resources */,
				586061931AB6C7F700E1F565 /* legend_pl.png in Resources */,
				58F95ED81AA48FB600E22EF6 /* Images.xcassets in Resources */,
				586061951AB6C7F700E1F565 /* legend_en.png in Resources */,
			);
			runOnlyForDeploymentPostprocessing = 0;
		};
		58F95EDE1AA48FB600E22EF6 /* Resources */ = {
			isa = PBXResourcesBuildPhase;
			buildActionMask = 2147483647;
			files = (
				582345651ADED97900BBBE24 /* edges.json in Resources */,
				582345631ADED8C100BBBE24 /* stations.json in Resources */,
			);
			runOnlyForDeploymentPostprocessing = 0;
		};
/* End PBXResourcesBuildPhase section */

/* Begin PBXShellScriptBuildPhase section */
		581091DE1ACC6F4400FDCC61 /* ShellScript */ = {
			isa = PBXShellScriptBuildPhase;
			buildActionMask = 2147483647;
			files = (
			);
			inputPaths = (
			);
			outputPaths = (
			);
			runOnlyForDeploymentPostprocessing = 0;
			shellPath = /bin/sh;
			shellScript = "./Crashlytics.framework/run c43619aaae8fac9a0428b7b54a32e0a00aa223f7 4a2f823b7bb04b79a32438c79fdd1ac8b4974641358b66f8f23e5f18346d8745";
		};
		EB4754F92429D2A74496A7C5 /* Check Pods Manifest.lock */ = {
			isa = PBXShellScriptBuildPhase;
			buildActionMask = 2147483647;
			files = (
			);
			inputPaths = (
			);
			name = "Check Pods Manifest.lock";
			outputPaths = (
			);
			runOnlyForDeploymentPostprocessing = 0;
			shellPath = /bin/sh;
			shellScript = "diff \"${PODS_ROOT}/../Podfile.lock\" \"${PODS_ROOT}/Manifest.lock\" > /dev/null\nif [[ $? != 0 ]] ; then\n    cat << EOM\nerror: The sandbox is not in sync with the Podfile.lock. Run 'pod install' or update your CocoaPods installation.\nEOM\n    exit 1\nfi\n";
			showEnvVarsInLog = 0;
		};
		FF177237D2BB2AE34EC5807E /* Copy Pods Resources */ = {
			isa = PBXShellScriptBuildPhase;
			buildActionMask = 2147483647;
			files = (
			);
			inputPaths = (
			);
			name = "Copy Pods Resources";
			outputPaths = (
			);
			runOnlyForDeploymentPostprocessing = 0;
			shellPath = /bin/sh;
			shellScript = "\"${SRCROOT}/Pods/Target Support Files/Pods-metro4all-ios/Pods-metro4all-ios-resources.sh\"\n";
			showEnvVarsInLog = 0;
		};
/* End PBXShellScriptBuildPhase section */

/* Begin PBXSourcesBuildPhase section */
		58F95EC01AA48FB600E22EF6 /* Sources */ = {
			isa = PBXSourcesBuildPhase;
			buildActionMask = 2147483647;
			files = (
				586061981AB6C83E00E1F565 /* MFALegendViewController.m in Sources */,
				58CA3DB91AC577EA00205567 /* MFAPortalAnnotation.m in Sources */,
				58F95EF61AA4A16100E22EF6 /* MFAStoryboardProxy.m in Sources */,
				583B48FB1AA74BB200138E1F /* MFAStationMapViewController.m in Sources */,
				58C60AC81AE4FF7200FA1D1A /* MFASelectStationViewController.m in Sources */,
				58CF18371ACBD5DD0042F898 /* _MFAPortal.m in Sources */,
				58CF183C1ACBD5DD0042F898 /* MFAPortal.m in Sources */,
				5824090A1B779D85009BBDF8 /* PhotoCollectionViewCell.m in Sources */,
				58F95ECD1AA48FB600E22EF6 /* AppDelegate.m in Sources */,
				58CF18311ACBD5DD0042F898 /* _MFAStation.m in Sources */,
				58CA3DE61AC936F000205567 /* NSString+Utils.m in Sources */,
				58CF183B1ACBD5DD0042F898 /* MFANode.m in Sources */,
				58CF18321ACBD5DD0042F898 /* MFAStation.m in Sources */,
				58CF183A1ACBD5DD0042F898 /* MFALine.m in Sources */,
				58F95ED01AA48FB600E22EF6 /* metro4all_ios.xcdatamodeld in Sources */,
				582409131B77A645009BBDF8 /* StyleKit.m in Sources */,
				58907D271AB2F91100013A59 /* MFAPortalAnnotationView.m in Sources */,
				58F95ED31AA48FB600E22EF6 /* MFASelectCityViewController.m in Sources */,
				58F95ECA1AA48FB600E22EF6 /* main.m in Sources */,
				58F895531AE95197001DF1DD /* MFAInterchangeLineColorView.m in Sources */,
				58CE3D961AEFEE6700F91F0A /* MFASideMenuViewController.m in Sources */,
				581A6DE51B4BED90001D7227 /* metro4all_ios1-2.xcmappingmodel in Sources */,
				58CF18381ACBD5DD0042F898 /* MFACity.m in Sources */,
				58B0DA451AA70DBB0011A4A4 /* MFAStationsListViewModel.m in Sources */,
				58CF18361ACBD5DD0042F898 /* _MFANode.m in Sources */,
				58E179761ADC06C200D50060 /* NSDictionary+CityMeta.m in Sources */,
				58B0DA3D1AA707C20011A4A4 /* MFAStationsListViewController.m in Sources */,
				58CF18341ACBD5DD0042F898 /* _MFAInterchange.m in Sources */,
				58CF18351ACBD5DD0042F898 /* _MFALine.m in Sources */,
				58F895501AE948FA001DF1DD /* MFARouteTableViewStationCell.m in Sources */,
				583B48F81AA74BA500138E1F /* MFAStationMapViewModel.m in Sources */,
				58B0DA3A1AA5F26C0011A4A4 /* MFACityDataParser.m in Sources */,
				58F8954C1AE946D1001DF1DD /* MFALineColorView.m in Sources */,
				58F95EF91AA4B2C800E22EF6 /* MFASelectCityViewModel.m in Sources */,
				582409161B77A7D2009BBDF8 /* Buttons.m in Sources */,
				5823455F1ADED13C00BBBE24 /* MFARouter.m in Sources */,
				58F895561AE95232001DF1DD /* MFARouteTableViewInterchangeCell.m in Sources */,
				58CF18331ACBD5DD0042F898 /* _MFACity.m in Sources */,
				58B112041B64E7D400302F0C /* MFACityManager.m in Sources */,
				582409071B77773A009BBDF8 /* MFAFeedbackViewController.m in Sources */,
				58136E8A1AA4B4CD00512D29 /* MFASelectCityTableViewCell.m in Sources */,
				58CE3D931AEFEE5700F91F0A /* MFAMenuContainerViewController.m in Sources */,
				58B0DA421AA709C80011A4A4 /* MFAStationListTableViewCell.m in Sources */,
				58CF18391ACBD5DD0042F898 /* MFAInterchange.m in Sources */,
			);
			runOnlyForDeploymentPostprocessing = 0;
		};
		58F95EDC1AA48FB600E22EF6 /* Sources */ = {
			isa = PBXSourcesBuildPhase;
			buildActionMask = 2147483647;
			files = (
				58F95EE71AA48FB600E22EF6 /* metro4all_iosTests.m in Sources */,
				582345611ADED87400BBBE24 /* RouterTests.m in Sources */,
				58CA3DE81AC9376200205567 /* NSStringUtilsTests.m in Sources */,
			);
			runOnlyForDeploymentPostprocessing = 0;
		};
/* End PBXSourcesBuildPhase section */

/* Begin PBXTargetDependency section */
		58F95EE21AA48FB600E22EF6 /* PBXTargetDependency */ = {
			isa = PBXTargetDependency;
			target = 58F95EC31AA48FB600E22EF6 /* metro4all-ios */;
			targetProxy = 58F95EE11AA48FB600E22EF6 /* PBXContainerItemProxy */;
		};
/* End PBXTargetDependency section */

/* Begin PBXVariantGroup section */
		583A4EBE1B6F61D80028148D /* Localizable.strings */ = {
			isa = PBXVariantGroup;
			children = (
				583A4EBF1B6F61D80028148D /* Base */,
				583A4EC21B6F62860028148D /* ru */,
				583A4EC31B6F629F0028148D /* uk */,
				583A4EC41B6F62C20028148D /* pl */,
				583A4EC51B6F62E50028148D /* be */,
			);
			name = Localizable.strings;
			sourceTree = "<group>";
		};
		58F95ED41AA48FB600E22EF6 /* Main.storyboard */ = {
			isa = PBXVariantGroup;
			children = (
				58F95ED51AA48FB600E22EF6 /* Base */,
			);
			name = Main.storyboard;
			sourceTree = "<group>";
		};
/* End PBXVariantGroup section */

/* Begin XCBuildConfiguration section */
		58F95EE81AA48FB600E22EF6 /* Debug */ = {
			isa = XCBuildConfiguration;
			buildSettings = {
				ALWAYS_SEARCH_USER_PATHS = NO;
				CLANG_CXX_LANGUAGE_STANDARD = "gnu++0x";
				CLANG_CXX_LIBRARY = "libc++";
				CLANG_ENABLE_MODULES = YES;
				CLANG_ENABLE_OBJC_ARC = YES;
				CLANG_WARN_BOOL_CONVERSION = YES;
				CLANG_WARN_CONSTANT_CONVERSION = YES;
				CLANG_WARN_DIRECT_OBJC_ISA_USAGE = YES_ERROR;
				CLANG_WARN_EMPTY_BODY = YES;
				CLANG_WARN_ENUM_CONVERSION = YES;
				CLANG_WARN_INT_CONVERSION = YES;
				CLANG_WARN_OBJC_ROOT_CLASS = YES_ERROR;
				CLANG_WARN_UNREACHABLE_CODE = YES;
				CLANG_WARN__DUPLICATE_METHOD_MATCH = YES;
				"CODE_SIGN_IDENTITY[sdk=iphoneos*]" = "iPhone Developer";
				COPY_PHASE_STRIP = NO;
				DEBUG_INFORMATION_FORMAT = dwarf;
				ENABLE_STRICT_OBJC_MSGSEND = YES;
				GCC_C_LANGUAGE_STANDARD = gnu99;
				GCC_DYNAMIC_NO_PIC = NO;
				GCC_NO_COMMON_BLOCKS = YES;
				GCC_OPTIMIZATION_LEVEL = 0;
				GCC_PREPROCESSOR_DEFINITIONS = (
					"DEBUG=1",
					"$(inherited)",
				);
				GCC_SYMBOLS_PRIVATE_EXTERN = NO;
				GCC_WARN_64_TO_32_BIT_CONVERSION = YES;
				GCC_WARN_ABOUT_RETURN_TYPE = YES_ERROR;
				GCC_WARN_UNDECLARED_SELECTOR = YES;
				GCC_WARN_UNINITIALIZED_AUTOS = YES_AGGRESSIVE;
				GCC_WARN_UNUSED_FUNCTION = YES;
				GCC_WARN_UNUSED_VARIABLE = YES;
				IPHONEOS_DEPLOYMENT_TARGET = 7.0;
				MTL_ENABLE_DEBUG_INFO = YES;
				ONLY_ACTIVE_ARCH = YES;
				SDKROOT = iphoneos;
			};
			name = Debug;
		};
		58F95EE91AA48FB600E22EF6 /* Release */ = {
			isa = XCBuildConfiguration;
			buildSettings = {
				ALWAYS_SEARCH_USER_PATHS = NO;
				CLANG_CXX_LANGUAGE_STANDARD = "gnu++0x";
				CLANG_CXX_LIBRARY = "libc++";
				CLANG_ENABLE_MODULES = YES;
				CLANG_ENABLE_OBJC_ARC = YES;
				CLANG_WARN_BOOL_CONVERSION = YES;
				CLANG_WARN_CONSTANT_CONVERSION = YES;
				CLANG_WARN_DIRECT_OBJC_ISA_USAGE = YES_ERROR;
				CLANG_WARN_EMPTY_BODY = YES;
				CLANG_WARN_ENUM_CONVERSION = YES;
				CLANG_WARN_INT_CONVERSION = YES;
				CLANG_WARN_OBJC_ROOT_CLASS = YES_ERROR;
				CLANG_WARN_UNREACHABLE_CODE = YES;
				CLANG_WARN__DUPLICATE_METHOD_MATCH = YES;
				"CODE_SIGN_IDENTITY[sdk=iphoneos*]" = "iPhone Developer";
				COPY_PHASE_STRIP = NO;
				DEBUG_INFORMATION_FORMAT = "dwarf-with-dsym";
				ENABLE_NS_ASSERTIONS = NO;
				ENABLE_STRICT_OBJC_MSGSEND = YES;
				GCC_C_LANGUAGE_STANDARD = gnu99;
				GCC_NO_COMMON_BLOCKS = YES;
				GCC_WARN_64_TO_32_BIT_CONVERSION = YES;
				GCC_WARN_ABOUT_RETURN_TYPE = YES_ERROR;
				GCC_WARN_UNDECLARED_SELECTOR = YES;
				GCC_WARN_UNINITIALIZED_AUTOS = YES_AGGRESSIVE;
				GCC_WARN_UNUSED_FUNCTION = YES;
				GCC_WARN_UNUSED_VARIABLE = YES;
				IPHONEOS_DEPLOYMENT_TARGET = 7.0;
				MTL_ENABLE_DEBUG_INFO = NO;
				SDKROOT = iphoneos;
				VALIDATE_PRODUCT = YES;
			};
			name = Release;
		};
		58F95EEB1AA48FB600E22EF6 /* Debug */ = {
			isa = XCBuildConfiguration;
			baseConfigurationReference = 9F0CB2A765B00354E4F0D495 /* Pods-metro4all-ios.debug.xcconfig */;
			buildSettings = {
				ASSETCATALOG_COMPILER_APPICON_NAME = AppIcon;
				ASSETCATALOG_COMPILER_LAUNCHIMAGE_NAME = LaunchImage;
				CODE_SIGN_IDENTITY = "iPhone Developer";
				"CODE_SIGN_IDENTITY[sdk=iphoneos*]" = "iPhone Developer";
				CURRENT_PROJECT_VERSION = 26;
				DEBUG_INFORMATION_FORMAT = "dwarf-with-dsym";
				FRAMEWORK_SEARCH_PATHS = (
					"$(inherited)",
					"$(PROJECT_DIR)",
				);
				INFOPLIST_FILE = "metro4all-ios/Info.plist";
				IPHONEOS_DEPLOYMENT_TARGET = 7.0;
				LD_RUNPATH_SEARCH_PATHS = "$(inherited) @executable_path/Frameworks";
				PRODUCT_NAME = "$(TARGET_NAME)";
				PROVISIONING_PROFILE = "";
			};
			name = Debug;
		};
		58F95EEC1AA48FB600E22EF6 /* Release */ = {
			isa = XCBuildConfiguration;
			baseConfigurationReference = 223B3F0B6D4C0D89442A5B81 /* Pods-metro4all-ios.release.xcconfig */;
			buildSettings = {
				ASSETCATALOG_COMPILER_APPICON_NAME = AppIcon;
				ASSETCATALOG_COMPILER_LAUNCHIMAGE_NAME = LaunchImage;
				CODE_SIGN_IDENTITY = "iPhone Developer";
				"CODE_SIGN_IDENTITY[sdk=iphoneos*]" = "iPhone Developer";
				CURRENT_PROJECT_VERSION = 26;
				FRAMEWORK_SEARCH_PATHS = (
					"$(inherited)",
					"$(PROJECT_DIR)",
				);
				INFOPLIST_FILE = "metro4all-ios/Info.plist";
				IPHONEOS_DEPLOYMENT_TARGET = 7.0;
				LD_RUNPATH_SEARCH_PATHS = "$(inherited) @executable_path/Frameworks";
				PRODUCT_NAME = "$(TARGET_NAME)";
				PROVISIONING_PROFILE = "";
			};
			name = Release;
		};
		58F95EEE1AA48FB600E22EF6 /* Debug */ = {
			isa = XCBuildConfiguration;
			buildSettings = {
				BUNDLE_LOADER = "$(TEST_HOST)";
				FRAMEWORK_SEARCH_PATHS = (
					"$(SDKROOT)/Developer/Library/Frameworks",
					"$(inherited)",
				);
				GCC_PREPROCESSOR_DEFINITIONS = (
					"DEBUG=1",
					"$(inherited)",
				);
				INFOPLIST_FILE = "metro4all-iosTests/Info.plist";
				LD_RUNPATH_SEARCH_PATHS = "$(inherited) @executable_path/Frameworks @loader_path/Frameworks";
				PRODUCT_NAME = "$(TARGET_NAME)";
				TEST_HOST = "$(BUILT_PRODUCTS_DIR)/metro4all-ios.app/metro4all-ios";
			};
			name = Debug;
		};
		58F95EEF1AA48FB600E22EF6 /* Release */ = {
			isa = XCBuildConfiguration;
			buildSettings = {
				BUNDLE_LOADER = "$(TEST_HOST)";
				FRAMEWORK_SEARCH_PATHS = (
					"$(SDKROOT)/Developer/Library/Frameworks",
					"$(inherited)",
				);
				INFOPLIST_FILE = "metro4all-iosTests/Info.plist";
				LD_RUNPATH_SEARCH_PATHS = "$(inherited) @executable_path/Frameworks @loader_path/Frameworks";
				PRODUCT_NAME = "$(TARGET_NAME)";
				TEST_HOST = "$(BUILT_PRODUCTS_DIR)/metro4all-ios.app/metro4all-ios";
			};
			name = Release;
		};
/* End XCBuildConfiguration section */

/* Begin XCConfigurationList section */
		58F95EBF1AA48FB600E22EF6 /* Build configuration list for PBXProject "metro4all-ios" */ = {
			isa = XCConfigurationList;
			buildConfigurations = (
				58F95EE81AA48FB600E22EF6 /* Debug */,
				58F95EE91AA48FB600E22EF6 /* Release */,
			);
			defaultConfigurationIsVisible = 0;
			defaultConfigurationName = Release;
		};
		58F95EEA1AA48FB600E22EF6 /* Build configuration list for PBXNativeTarget "metro4all-ios" */ = {
			isa = XCConfigurationList;
			buildConfigurations = (
				58F95EEB1AA48FB600E22EF6 /* Debug */,
				58F95EEC1AA48FB600E22EF6 /* Release */,
			);
			defaultConfigurationIsVisible = 0;
			defaultConfigurationName = Release;
		};
		58F95EED1AA48FB600E22EF6 /* Build configuration list for PBXNativeTarget "metro4all-iosTests" */ = {
			isa = XCConfigurationList;
			buildConfigurations = (
				58F95EEE1AA48FB600E22EF6 /* Debug */,
				58F95EEF1AA48FB600E22EF6 /* Release */,
			);
			defaultConfigurationIsVisible = 0;
			defaultConfigurationName = Release;
		};
/* End XCConfigurationList section */

/* Begin XCVersionGroup section */
		58F95ECE1AA48FB600E22EF6 /* metro4all_ios.xcdatamodeld */ = {
			isa = XCVersionGroup;
			children = (
				582345581ADED05800BBBE24 /* metro4all_ios 2.xcdatamodel */,
				58F95ECF1AA48FB600E22EF6 /* metro4all_ios.xcdatamodel */,
			);
			currentVersion = 582345581ADED05800BBBE24 /* metro4all_ios 2.xcdatamodel */;
			path = metro4all_ios.xcdatamodeld;
			sourceTree = "<group>";
			versionGroupType = wrapper.xcdatamodel;
		};
/* End XCVersionGroup section */
	};
	rootObject = 58F95EBC1AA48FB600E22EF6 /* Project object */;
}
