// !$*UTF8*$!
{
	archiveVersion = 1;
	classes = {
	};
	objectVersion = 46;
	objects = {

/* Begin PBXBuildFile section */
		58136E8A1AA4B4CD00512D29 /* MFASelectCityTableViewCell.m in Sources */ = {isa = PBXBuildFile; fileRef = 58136E891AA4B4CD00512D29 /* MFASelectCityTableViewCell.m */; };
		583B48F81AA74BA500138E1F /* MFAStationMapViewModel.m in Sources */ = {isa = PBXBuildFile; fileRef = 583B48F71AA74BA500138E1F /* MFAStationMapViewModel.m */; };
		583B48FB1AA74BB200138E1F /* MFAStationMapViewController.m in Sources */ = {isa = PBXBuildFile; fileRef = 583B48FA1AA74BB200138E1F /* MFAStationMapViewController.m */; };
		588635141AAAE4E60038F924 /* MFACityArchiveService.m in Sources */ = {isa = PBXBuildFile; fileRef = 588635131AAAE4E60038F924 /* MFACityArchiveService.m */; };
		58B0DA2E1AA5F1E30011A4A4 /* _MFACity.m in Sources */ = {isa = PBXBuildFile; fileRef = 58B0DA1B1AA5F1E30011A4A4 /* _MFACity.m */; };
		58B0DA2F1AA5F1E30011A4A4 /* _MFAInterchange.m in Sources */ = {isa = PBXBuildFile; fileRef = 58B0DA1D1AA5F1E30011A4A4 /* _MFAInterchange.m */; };
		58B0DA301AA5F1E30011A4A4 /* _MFALine.m in Sources */ = {isa = PBXBuildFile; fileRef = 58B0DA1F1AA5F1E30011A4A4 /* _MFALine.m */; };
		58B0DA311AA5F1E30011A4A4 /* _MFAPortal.m in Sources */ = {isa = PBXBuildFile; fileRef = 58B0DA211AA5F1E30011A4A4 /* _MFAPortal.m */; };
		58B0DA321AA5F1E30011A4A4 /* _MFAStation.m in Sources */ = {isa = PBXBuildFile; fileRef = 58B0DA231AA5F1E30011A4A4 /* _MFAStation.m */; };
		58B0DA331AA5F1E30011A4A4 /* MFACity.m in Sources */ = {isa = PBXBuildFile; fileRef = 58B0DA251AA5F1E30011A4A4 /* MFACity.m */; };
		58B0DA341AA5F1E30011A4A4 /* MFAInterchange.m in Sources */ = {isa = PBXBuildFile; fileRef = 58B0DA271AA5F1E30011A4A4 /* MFAInterchange.m */; };
		58B0DA351AA5F1E30011A4A4 /* MFALine.m in Sources */ = {isa = PBXBuildFile; fileRef = 58B0DA291AA5F1E30011A4A4 /* MFALine.m */; };
		58B0DA361AA5F1E30011A4A4 /* MFAPortal.m in Sources */ = {isa = PBXBuildFile; fileRef = 58B0DA2B1AA5F1E30011A4A4 /* MFAPortal.m */; };
		58B0DA371AA5F1E30011A4A4 /* MFAStation.m in Sources */ = {isa = PBXBuildFile; fileRef = 58B0DA2D1AA5F1E30011A4A4 /* MFAStation.m */; };
		58B0DA3A1AA5F26C0011A4A4 /* MFACityDataParser.m in Sources */ = {isa = PBXBuildFile; fileRef = 58B0DA391AA5F26C0011A4A4 /* MFACityDataParser.m */; };
		58B0DA3D1AA707C20011A4A4 /* MFAStationsListViewController.m in Sources */ = {isa = PBXBuildFile; fileRef = 58B0DA3C1AA707C20011A4A4 /* MFAStationsListViewController.m */; };
		58B0DA421AA709C80011A4A4 /* MFAStationListTableViewCell.m in Sources */ = {isa = PBXBuildFile; fileRef = 58B0DA411AA709C80011A4A4 /* MFAStationListTableViewCell.m */; };
		58B0DA451AA70DBB0011A4A4 /* MFAStationsListViewModel.m in Sources */ = {isa = PBXBuildFile; fileRef = 58B0DA441AA70DBB0011A4A4 /* MFAStationsListViewModel.m */; };
		58F95ECA1AA48FB600E22EF6 /* main.m in Sources */ = {isa = PBXBuildFile; fileRef = 58F95EC91AA48FB600E22EF6 /* main.m */; };
		58F95ECD1AA48FB600E22EF6 /* AppDelegate.m in Sources */ = {isa = PBXBuildFile; fileRef = 58F95ECC1AA48FB600E22EF6 /* AppDelegate.m */; };
		58F95ED01AA48FB600E22EF6 /* metro4all_ios.xcdatamodeld in Sources */ = {isa = PBXBuildFile; fileRef = 58F95ECE1AA48FB600E22EF6 /* metro4all_ios.xcdatamodeld */; };
		58F95ED31AA48FB600E22EF6 /* MFASelectCityViewController.m in Sources */ = {isa = PBXBuildFile; fileRef = 58F95ED21AA48FB600E22EF6 /* MFASelectCityViewController.m */; };
		58F95ED61AA48FB600E22EF6 /* Main.storyboard in Resources */ = {isa = PBXBuildFile; fileRef = 58F95ED41AA48FB600E22EF6 /* Main.storyboard */; };
		58F95ED81AA48FB600E22EF6 /* Images.xcassets in Resources */ = {isa = PBXBuildFile; fileRef = 58F95ED71AA48FB600E22EF6 /* Images.xcassets */; };
		58F95EE71AA48FB600E22EF6 /* metro4all_iosTests.m in Sources */ = {isa = PBXBuildFile; fileRef = 58F95EE61AA48FB600E22EF6 /* metro4all_iosTests.m */; };
		58F95EF21AA49C5200E22EF6 /* MFAObjectManager.m in Sources */ = {isa = PBXBuildFile; fileRef = 58F95EF11AA49C5200E22EF6 /* MFAObjectManager.m */; };
		58F95EF61AA4A16100E22EF6 /* MFAStoryboardProxy.m in Sources */ = {isa = PBXBuildFile; fileRef = 58F95EF51AA4A16100E22EF6 /* MFAStoryboardProxy.m */; };
		58F95EF91AA4B2C800E22EF6 /* MFASelectCityViewModel.m in Sources */ = {isa = PBXBuildFile; fileRef = 58F95EF81AA4B2C800E22EF6 /* MFASelectCityViewModel.m */; };
		EA07EF5930494CD34D1FF1CB /* libPods-metro4all-ios.a in Frameworks */ = {isa = PBXBuildFile; fileRef = 650638ADED9348536CB287EB /* libPods-metro4all-ios.a */; };
/* End PBXBuildFile section */

/* Begin PBXContainerItemProxy section */
		58F95EE11AA48FB600E22EF6 /* PBXContainerItemProxy */ = {
			isa = PBXContainerItemProxy;
			containerPortal = 58F95EBC1AA48FB600E22EF6 /* Project object */;
			proxyType = 1;
			remoteGlobalIDString = 58F95EC31AA48FB600E22EF6;
			remoteInfo = "metro4all-ios";
		};
/* End PBXContainerItemProxy section */

/* Begin PBXFileReference section */
		223B3F0B6D4C0D89442A5B81 /* Pods-metro4all-ios.release.xcconfig */ = {isa = PBXFileReference; includeInIndex = 1; lastKnownFileType = text.xcconfig; name = "Pods-metro4all-ios.release.xcconfig"; path = "Pods/Target Support Files/Pods-metro4all-ios/Pods-metro4all-ios.release.xcconfig"; sourceTree = "<group>"; };
		58136E881AA4B4CD00512D29 /* MFASelectCityTableViewCell.h */ = {isa = PBXFileReference; fileEncoding = 4; lastKnownFileType = sourcecode.c.h; path = MFASelectCityTableViewCell.h; sourceTree = "<group>"; };
		58136E891AA4B4CD00512D29 /* MFASelectCityTableViewCell.m */ = {isa = PBXFileReference; fileEncoding = 4; lastKnownFileType = sourcecode.c.objc; path = MFASelectCityTableViewCell.m; sourceTree = "<group>"; };
		583B48F61AA74BA500138E1F /* MFAStationMapViewModel.h */ = {isa = PBXFileReference; fileEncoding = 4; lastKnownFileType = sourcecode.c.h; path = MFAStationMapViewModel.h; sourceTree = "<group>"; };
		583B48F71AA74BA500138E1F /* MFAStationMapViewModel.m */ = {isa = PBXFileReference; fileEncoding = 4; lastKnownFileType = sourcecode.c.objc; path = MFAStationMapViewModel.m; sourceTree = "<group>"; };
		583B48F91AA74BB200138E1F /* MFAStationMapViewController.h */ = {isa = PBXFileReference; fileEncoding = 4; lastKnownFileType = sourcecode.c.h; path = MFAStationMapViewController.h; sourceTree = "<group>"; };
		583B48FA1AA74BB200138E1F /* MFAStationMapViewController.m */ = {isa = PBXFileReference; fileEncoding = 4; lastKnownFileType = sourcecode.c.objc; path = MFAStationMapViewController.m; sourceTree = "<group>"; };
		588635121AAAE4E60038F924 /* MFACityArchiveService.h */ = {isa = PBXFileReference; fileEncoding = 4; lastKnownFileType = sourcecode.c.h; path = MFACityArchiveService.h; sourceTree = "<group>"; };
		588635131AAAE4E60038F924 /* MFACityArchiveService.m */ = {isa = PBXFileReference; fileEncoding = 4; lastKnownFileType = sourcecode.c.objc; path = MFACityArchiveService.m; sourceTree = "<group>"; };
		58B0DA1A1AA5F1E30011A4A4 /* _MFACity.h */ = {isa = PBXFileReference; fileEncoding = 4; lastKnownFileType = sourcecode.c.h; name = _MFACity.h; path = models/coredata/_MFACity.h; sourceTree = "<group>"; };
		58B0DA1B1AA5F1E30011A4A4 /* _MFACity.m */ = {isa = PBXFileReference; fileEncoding = 4; lastKnownFileType = sourcecode.c.objc; name = _MFACity.m; path = models/coredata/_MFACity.m; sourceTree = "<group>"; };
		58B0DA1C1AA5F1E30011A4A4 /* _MFAInterchange.h */ = {isa = PBXFileReference; fileEncoding = 4; lastKnownFileType = sourcecode.c.h; name = _MFAInterchange.h; path = models/coredata/_MFAInterchange.h; sourceTree = "<group>"; };
		58B0DA1D1AA5F1E30011A4A4 /* _MFAInterchange.m */ = {isa = PBXFileReference; fileEncoding = 4; lastKnownFileType = sourcecode.c.objc; name = _MFAInterchange.m; path = models/coredata/_MFAInterchange.m; sourceTree = "<group>"; };
		58B0DA1E1AA5F1E30011A4A4 /* _MFALine.h */ = {isa = PBXFileReference; fileEncoding = 4; lastKnownFileType = sourcecode.c.h; name = _MFALine.h; path = models/coredata/_MFALine.h; sourceTree = "<group>"; };
		58B0DA1F1AA5F1E30011A4A4 /* _MFALine.m */ = {isa = PBXFileReference; fileEncoding = 4; lastKnownFileType = sourcecode.c.objc; name = _MFALine.m; path = models/coredata/_MFALine.m; sourceTree = "<group>"; };
		58B0DA201AA5F1E30011A4A4 /* _MFAPortal.h */ = {isa = PBXFileReference; fileEncoding = 4; lastKnownFileType = sourcecode.c.h; name = _MFAPortal.h; path = models/coredata/_MFAPortal.h; sourceTree = "<group>"; };
		58B0DA211AA5F1E30011A4A4 /* _MFAPortal.m */ = {isa = PBXFileReference; fileEncoding = 4; lastKnownFileType = sourcecode.c.objc; name = _MFAPortal.m; path = models/coredata/_MFAPortal.m; sourceTree = "<group>"; };
		58B0DA221AA5F1E30011A4A4 /* _MFAStation.h */ = {isa = PBXFileReference; fileEncoding = 4; lastKnownFileType = sourcecode.c.h; name = _MFAStation.h; path = models/coredata/_MFAStation.h; sourceTree = "<group>"; };
		58B0DA231AA5F1E30011A4A4 /* _MFAStation.m */ = {isa = PBXFileReference; fileEncoding = 4; lastKnownFileType = sourcecode.c.objc; name = _MFAStation.m; path = models/coredata/_MFAStation.m; sourceTree = "<group>"; };
		58B0DA241AA5F1E30011A4A4 /* MFACity.h */ = {isa = PBXFileReference; fileEncoding = 4; lastKnownFileType = sourcecode.c.h; name = MFACity.h; path = models/coredata/MFACity.h; sourceTree = "<group>"; };
		58B0DA251AA5F1E30011A4A4 /* MFACity.m */ = {isa = PBXFileReference; fileEncoding = 4; lastKnownFileType = sourcecode.c.objc; name = MFACity.m; path = models/coredata/MFACity.m; sourceTree = "<group>"; };
		58B0DA261AA5F1E30011A4A4 /* MFAInterchange.h */ = {isa = PBXFileReference; fileEncoding = 4; lastKnownFileType = sourcecode.c.h; name = MFAInterchange.h; path = models/coredata/MFAInterchange.h; sourceTree = "<group>"; };
		58B0DA271AA5F1E30011A4A4 /* MFAInterchange.m */ = {isa = PBXFileReference; fileEncoding = 4; lastKnownFileType = sourcecode.c.objc; name = MFAInterchange.m; path = models/coredata/MFAInterchange.m; sourceTree = "<group>"; };
		58B0DA281AA5F1E30011A4A4 /* MFALine.h */ = {isa = PBXFileReference; fileEncoding = 4; lastKnownFileType = sourcecode.c.h; name = MFALine.h; path = models/coredata/MFALine.h; sourceTree = "<group>"; };
		58B0DA291AA5F1E30011A4A4 /* MFALine.m */ = {isa = PBXFileReference; fileEncoding = 4; lastKnownFileType = sourcecode.c.objc; name = MFALine.m; path = models/coredata/MFALine.m; sourceTree = "<group>"; };
		58B0DA2A1AA5F1E30011A4A4 /* MFAPortal.h */ = {isa = PBXFileReference; fileEncoding = 4; lastKnownFileType = sourcecode.c.h; name = MFAPortal.h; path = models/coredata/MFAPortal.h; sourceTree = "<group>"; };
		58B0DA2B1AA5F1E30011A4A4 /* MFAPortal.m */ = {isa = PBXFileReference; fileEncoding = 4; lastKnownFileType = sourcecode.c.objc; name = MFAPortal.m; path = models/coredata/MFAPortal.m; sourceTree = "<group>"; };
		58B0DA2C1AA5F1E30011A4A4 /* MFAStation.h */ = {isa = PBXFileReference; fileEncoding = 4; lastKnownFileType = sourcecode.c.h; name = MFAStation.h; path = models/coredata/MFAStation.h; sourceTree = "<group>"; };
		58B0DA2D1AA5F1E30011A4A4 /* MFAStation.m */ = {isa = PBXFileReference; fileEncoding = 4; lastKnownFileType = sourcecode.c.objc; name = MFAStation.m; path = models/coredata/MFAStation.m; sourceTree = "<group>"; };
		58B0DA381AA5F26C0011A4A4 /* MFACityDataParser.h */ = {isa = PBXFileReference; fileEncoding = 4; lastKnownFileType = sourcecode.c.h; name = MFACityDataParser.h; path = models/MFACityDataParser.h; sourceTree = "<group>"; };
		58B0DA391AA5F26C0011A4A4 /* MFACityDataParser.m */ = {isa = PBXFileReference; fileEncoding = 4; lastKnownFileType = sourcecode.c.objc; name = MFACityDataParser.m; path = models/MFACityDataParser.m; sourceTree = "<group>"; };
		58B0DA3B1AA707C20011A4A4 /* MFAStationsListViewController.h */ = {isa = PBXFileReference; fileEncoding = 4; lastKnownFileType = sourcecode.c.h; path = MFAStationsListViewController.h; sourceTree = "<group>"; };
		58B0DA3C1AA707C20011A4A4 /* MFAStationsListViewController.m */ = {isa = PBXFileReference; fileEncoding = 4; lastKnownFileType = sourcecode.c.objc; path = MFAStationsListViewController.m; sourceTree = "<group>"; };
		58B0DA401AA709C80011A4A4 /* MFAStationListTableViewCell.h */ = {isa = PBXFileReference; fileEncoding = 4; lastKnownFileType = sourcecode.c.h; path = MFAStationListTableViewCell.h; sourceTree = "<group>"; };
		58B0DA411AA709C80011A4A4 /* MFAStationListTableViewCell.m */ = {isa = PBXFileReference; fileEncoding = 4; lastKnownFileType = sourcecode.c.objc; path = MFAStationListTableViewCell.m; sourceTree = "<group>"; };
		58B0DA431AA70DBB0011A4A4 /* MFAStationsListViewModel.h */ = {isa = PBXFileReference; fileEncoding = 4; lastKnownFileType = sourcecode.c.h; path = MFAStationsListViewModel.h; sourceTree = "<group>"; };
		58B0DA441AA70DBB0011A4A4 /* MFAStationsListViewModel.m */ = {isa = PBXFileReference; fileEncoding = 4; lastKnownFileType = sourcecode.c.objc; path = MFAStationsListViewModel.m; sourceTree = "<group>"; };
		58F95EC41AA48FB600E22EF6 /* metro4all-ios.app */ = {isa = PBXFileReference; explicitFileType = wrapper.application; includeInIndex = 0; path = "metro4all-ios.app"; sourceTree = BUILT_PRODUCTS_DIR; };
		58F95EC81AA48FB600E22EF6 /* Info.plist */ = {isa = PBXFileReference; lastKnownFileType = text.plist.xml; path = Info.plist; sourceTree = "<group>"; };
		58F95EC91AA48FB600E22EF6 /* main.m */ = {isa = PBXFileReference; lastKnownFileType = sourcecode.c.objc; path = main.m; sourceTree = "<group>"; };
		58F95ECB1AA48FB600E22EF6 /* AppDelegate.h */ = {isa = PBXFileReference; lastKnownFileType = sourcecode.c.h; path = AppDelegate.h; sourceTree = "<group>"; };
		58F95ECC1AA48FB600E22EF6 /* AppDelegate.m */ = {isa = PBXFileReference; lastKnownFileType = sourcecode.c.objc; path = AppDelegate.m; sourceTree = "<group>"; };
		58F95ECF1AA48FB600E22EF6 /* metro4all_ios.xcdatamodel */ = {isa = PBXFileReference; lastKnownFileType = wrapper.xcdatamodel; path = metro4all_ios.xcdatamodel; sourceTree = "<group>"; };
		58F95ED11AA48FB600E22EF6 /* MFASelectCityViewController.h */ = {isa = PBXFileReference; lastKnownFileType = sourcecode.c.h; path = MFASelectCityViewController.h; sourceTree = "<group>"; };
		58F95ED21AA48FB600E22EF6 /* MFASelectCityViewController.m */ = {isa = PBXFileReference; lastKnownFileType = sourcecode.c.objc; path = MFASelectCityViewController.m; sourceTree = "<group>"; };
		58F95ED51AA48FB600E22EF6 /* Base */ = {isa = PBXFileReference; lastKnownFileType = file.storyboard; name = Base; path = Base.lproj/Main.storyboard; sourceTree = "<group>"; };
		58F95ED71AA48FB600E22EF6 /* Images.xcassets */ = {isa = PBXFileReference; lastKnownFileType = folder.assetcatalog; path = Images.xcassets; sourceTree = "<group>"; };
		58F95EE01AA48FB600E22EF6 /* metro4all-iosTests.xctest */ = {isa = PBXFileReference; explicitFileType = wrapper.cfbundle; includeInIndex = 0; path = "metro4all-iosTests.xctest"; sourceTree = BUILT_PRODUCTS_DIR; };
		58F95EE51AA48FB600E22EF6 /* Info.plist */ = {isa = PBXFileReference; lastKnownFileType = text.plist.xml; path = Info.plist; sourceTree = "<group>"; };
		58F95EE61AA48FB600E22EF6 /* metro4all_iosTests.m */ = {isa = PBXFileReference; lastKnownFileType = sourcecode.c.objc; path = metro4all_iosTests.m; sourceTree = "<group>"; };
		58F95EF01AA49C5200E22EF6 /* MFAObjectManager.h */ = {isa = PBXFileReference; fileEncoding = 4; lastKnownFileType = sourcecode.c.h; name = MFAObjectManager.h; path = models/MFAObjectManager.h; sourceTree = "<group>"; };
		58F95EF11AA49C5200E22EF6 /* MFAObjectManager.m */ = {isa = PBXFileReference; fileEncoding = 4; lastKnownFileType = sourcecode.c.objc; name = MFAObjectManager.m; path = models/MFAObjectManager.m; sourceTree = "<group>"; };
		58F95EF41AA4A16100E22EF6 /* MFAStoryboardProxy.h */ = {isa = PBXFileReference; fileEncoding = 4; lastKnownFileType = sourcecode.c.h; name = MFAStoryboardProxy.h; path = models/MFAStoryboardProxy.h; sourceTree = "<group>"; };
		58F95EF51AA4A16100E22EF6 /* MFAStoryboardProxy.m */ = {isa = PBXFileReference; fileEncoding = 4; lastKnownFileType = sourcecode.c.objc; name = MFAStoryboardProxy.m; path = models/MFAStoryboardProxy.m; sourceTree = "<group>"; };
		58F95EF71AA4B2C800E22EF6 /* MFASelectCityViewModel.h */ = {isa = PBXFileReference; fileEncoding = 4; lastKnownFileType = sourcecode.c.h; path = MFASelectCityViewModel.h; sourceTree = "<group>"; };
		58F95EF81AA4B2C800E22EF6 /* MFASelectCityViewModel.m */ = {isa = PBXFileReference; fileEncoding = 4; lastKnownFileType = sourcecode.c.objc; path = MFASelectCityViewModel.m; sourceTree = "<group>"; };
		650638ADED9348536CB287EB /* libPods-metro4all-ios.a */ = {isa = PBXFileReference; explicitFileType = archive.ar; includeInIndex = 0; path = "libPods-metro4all-ios.a"; sourceTree = BUILT_PRODUCTS_DIR; };
		9F0CB2A765B00354E4F0D495 /* Pods-metro4all-ios.debug.xcconfig */ = {isa = PBXFileReference; includeInIndex = 1; lastKnownFileType = text.xcconfig; name = "Pods-metro4all-ios.debug.xcconfig"; path = "Pods/Target Support Files/Pods-metro4all-ios/Pods-metro4all-ios.debug.xcconfig"; sourceTree = "<group>"; };
/* End PBXFileReference section */

/* Begin PBXFrameworksBuildPhase section */
		58F95EC11AA48FB600E22EF6 /* Frameworks */ = {
			isa = PBXFrameworksBuildPhase;
			buildActionMask = 2147483647;
			files = (
				EA07EF5930494CD34D1FF1CB /* libPods-metro4all-ios.a in Frameworks */,
			);
			runOnlyForDeploymentPostprocessing = 0;
		};
		58F95EDD1AA48FB600E22EF6 /* Frameworks */ = {
			isa = PBXFrameworksBuildPhase;
			buildActionMask = 2147483647;
			files = (
			);
			runOnlyForDeploymentPostprocessing = 0;
		};
/* End PBXFrameworksBuildPhase section */

/* Begin PBXGroup section */
		0C4C889D0E040CF79D9A27C0 /* Frameworks */ = {
			isa = PBXGroup;
			children = (
				650638ADED9348536CB287EB /* libPods-metro4all-ios.a */,
			);
			name = Frameworks;
			sourceTree = "<group>";
		};
		58136E8B1AA5F1B600512D29 /* CoreData */ = {
			isa = PBXGroup;
			children = (
				58B0DA1A1AA5F1E30011A4A4 /* _MFACity.h */,
				58B0DA1B1AA5F1E30011A4A4 /* _MFACity.m */,
				58B0DA1C1AA5F1E30011A4A4 /* _MFAInterchange.h */,
				58B0DA1D1AA5F1E30011A4A4 /* _MFAInterchange.m */,
				58B0DA1E1AA5F1E30011A4A4 /* _MFALine.h */,
				58B0DA1F1AA5F1E30011A4A4 /* _MFALine.m */,
				58B0DA201AA5F1E30011A4A4 /* _MFAPortal.h */,
				58B0DA211AA5F1E30011A4A4 /* _MFAPortal.m */,
				58B0DA221AA5F1E30011A4A4 /* _MFAStation.h */,
				58B0DA231AA5F1E30011A4A4 /* _MFAStation.m */,
				58B0DA241AA5F1E30011A4A4 /* MFACity.h */,
				58B0DA251AA5F1E30011A4A4 /* MFACity.m */,
				58B0DA261AA5F1E30011A4A4 /* MFAInterchange.h */,
				58B0DA271AA5F1E30011A4A4 /* MFAInterchange.m */,
				58B0DA281AA5F1E30011A4A4 /* MFALine.h */,
				58B0DA291AA5F1E30011A4A4 /* MFALine.m */,
				58B0DA2A1AA5F1E30011A4A4 /* MFAPortal.h */,
				58B0DA2B1AA5F1E30011A4A4 /* MFAPortal.m */,
				58B0DA2C1AA5F1E30011A4A4 /* MFAStation.h */,
				58B0DA2D1AA5F1E30011A4A4 /* MFAStation.m */,
			);
			name = CoreData;
			sourceTree = "<group>";
		};
		583B48F51AA74B8E00138E1F /* Station Map */ = {
			isa = PBXGroup;
			children = (
				583B48F61AA74BA500138E1F /* MFAStationMapViewModel.h */,
				583B48F71AA74BA500138E1F /* MFAStationMapViewModel.m */,
				583B48F91AA74BB200138E1F /* MFAStationMapViewController.h */,
				583B48FA1AA74BB200138E1F /* MFAStationMapViewController.m */,
			);
			name = "Station Map";
			sourceTree = "<group>";
		};
		58B0DA3E1AA707CC0011A4A4 /* Select City */ = {
			isa = PBXGroup;
			children = (
				58F95ED11AA48FB600E22EF6 /* MFASelectCityViewController.h */,
				58F95ED21AA48FB600E22EF6 /* MFASelectCityViewController.m */,
				58F95EF71AA4B2C800E22EF6 /* MFASelectCityViewModel.h */,
				58F95EF81AA4B2C800E22EF6 /* MFASelectCityViewModel.m */,
				58136E881AA4B4CD00512D29 /* MFASelectCityTableViewCell.h */,
				58136E891AA4B4CD00512D29 /* MFASelectCityTableViewCell.m */,
			);
			name = "Select City";
			sourceTree = "<group>";
		};
		58B0DA3F1AA709990011A4A4 /* Stations List */ = {
			isa = PBXGroup;
			children = (
				58B0DA3B1AA707C20011A4A4 /* MFAStationsListViewController.h */,
				58B0DA3C1AA707C20011A4A4 /* MFAStationsListViewController.m */,
				58B0DA401AA709C80011A4A4 /* MFAStationListTableViewCell.h */,
				58B0DA411AA709C80011A4A4 /* MFAStationListTableViewCell.m */,
				58B0DA431AA70DBB0011A4A4 /* MFAStationsListViewModel.h */,
				58B0DA441AA70DBB0011A4A4 /* MFAStationsListViewModel.m */,
			);
			name = "Stations List";
			sourceTree = "<group>";
		};
		58F95EBB1AA48FB600E22EF6 = {
			isa = PBXGroup;
			children = (
				58F95EC61AA48FB600E22EF6 /* metro4all-ios */,
				58F95EE31AA48FB600E22EF6 /* metro4all-iosTests */,
				58F95EC51AA48FB600E22EF6 /* Products */,
				F98225E7443935083BAA97EF /* Pods */,
				0C4C889D0E040CF79D9A27C0 /* Frameworks */,
			);
			sourceTree = "<group>";
		};
		58F95EC51AA48FB600E22EF6 /* Products */ = {
			isa = PBXGroup;
			children = (
				58F95EC41AA48FB600E22EF6 /* metro4all-ios.app */,
				58F95EE01AA48FB600E22EF6 /* metro4all-iosTests.xctest */,
			);
			name = Products;
			sourceTree = "<group>";
		};
		58F95EC61AA48FB600E22EF6 /* metro4all-ios */ = {
			isa = PBXGroup;
			children = (
				58F95ECB1AA48FB600E22EF6 /* AppDelegate.h */,
				58F95ECC1AA48FB600E22EF6 /* AppDelegate.m */,
				58B0DA3E1AA707CC0011A4A4 /* Select City */,
				58B0DA3F1AA709990011A4A4 /* Stations List */,
				583B48F51AA74B8E00138E1F /* Station Map */,
				58F95ED41AA48FB600E22EF6 /* Main.storyboard */,
				58F95ED71AA48FB600E22EF6 /* Images.xcassets */,
				58F95ECE1AA48FB600E22EF6 /* metro4all_ios.xcdatamodeld */,
				58F95EC71AA48FB600E22EF6 /* Supporting Files */,
				58F95EF31AA49C5B00E22EF6 /* Models */,
			);
			path = "metro4all-ios";
			sourceTree = "<group>";
		};
		58F95EC71AA48FB600E22EF6 /* Supporting Files */ = {
			isa = PBXGroup;
			children = (
				58F95EC81AA48FB600E22EF6 /* Info.plist */,
				58F95EC91AA48FB600E22EF6 /* main.m */,
			);
			name = "Supporting Files";
			sourceTree = "<group>";
		};
		58F95EE31AA48FB600E22EF6 /* metro4all-iosTests */ = {
			isa = PBXGroup;
			children = (
				58F95EE61AA48FB600E22EF6 /* metro4all_iosTests.m */,
				58F95EE41AA48FB600E22EF6 /* Supporting Files */,
			);
			path = "metro4all-iosTests";
			sourceTree = "<group>";
		};
		58F95EE41AA48FB600E22EF6 /* Supporting Files */ = {
			isa = PBXGroup;
			children = (
				58F95EE51AA48FB600E22EF6 /* Info.plist */,
			);
			name = "Supporting Files";
			sourceTree = "<group>";
		};
		58F95EF31AA49C5B00E22EF6 /* Models */ = {
			isa = PBXGroup;
			children = (
				58136E8B1AA5F1B600512D29 /* CoreData */,
				58F95EF01AA49C5200E22EF6 /* MFAObjectManager.h */,
				58F95EF11AA49C5200E22EF6 /* MFAObjectManager.m */,
				58F95EF41AA4A16100E22EF6 /* MFAStoryboardProxy.h */,
				58F95EF51AA4A16100E22EF6 /* MFAStoryboardProxy.m */,
				58B0DA381AA5F26C0011A4A4 /* MFACityDataParser.h */,
				58B0DA391AA5F26C0011A4A4 /* MFACityDataParser.m */,
				588635121AAAE4E60038F924 /* MFACityArchiveService.h */,
				588635131AAAE4E60038F924 /* MFACityArchiveService.m */,
			);
			name = Models;
			sourceTree = "<group>";
		};
		F98225E7443935083BAA97EF /* Pods */ = {
			isa = PBXGroup;
			children = (
				9F0CB2A765B00354E4F0D495 /* Pods-metro4all-ios.debug.xcconfig */,
				223B3F0B6D4C0D89442A5B81 /* Pods-metro4all-ios.release.xcconfig */,
			);
			name = Pods;
			sourceTree = "<group>";
		};
/* End PBXGroup section */

/* Begin PBXNativeTarget section */
		58F95EC31AA48FB600E22EF6 /* metro4all-ios */ = {
			isa = PBXNativeTarget;
			buildConfigurationList = 58F95EEA1AA48FB600E22EF6 /* Build configuration list for PBXNativeTarget "metro4all-ios" */;
			buildPhases = (
				EB4754F92429D2A74496A7C5 /* Check Pods Manifest.lock */,
				58F95EC01AA48FB600E22EF6 /* Sources */,
				58F95EC11AA48FB600E22EF6 /* Frameworks */,
				58F95EC21AA48FB600E22EF6 /* Resources */,
				FF177237D2BB2AE34EC5807E /* Copy Pods Resources */,
			);
			buildRules = (
			);
			dependencies = (
			);
			name = "metro4all-ios";
			productName = "metro4all-ios";
			productReference = 58F95EC41AA48FB600E22EF6 /* metro4all-ios.app */;
			productType = "com.apple.product-type.application";
		};
		58F95EDF1AA48FB600E22EF6 /* metro4all-iosTests */ = {
			isa = PBXNativeTarget;
			buildConfigurationList = 58F95EED1AA48FB600E22EF6 /* Build configuration list for PBXNativeTarget "metro4all-iosTests" */;
			buildPhases = (
				58F95EDC1AA48FB600E22EF6 /* Sources */,
				58F95EDD1AA48FB600E22EF6 /* Frameworks */,
				58F95EDE1AA48FB600E22EF6 /* Resources */,
			);
			buildRules = (
			);
			dependencies = (
				58F95EE21AA48FB600E22EF6 /* PBXTargetDependency */,
			);
			name = "metro4all-iosTests";
			productName = "metro4all-iosTests";
			productReference = 58F95EE01AA48FB600E22EF6 /* metro4all-iosTests.xctest */;
			productType = "com.apple.product-type.bundle.unit-test";
		};
/* End PBXNativeTarget section */

/* Begin PBXProject section */
		58F95EBC1AA48FB600E22EF6 /* Project object */ = {
			isa = PBXProject;
			attributes = {
				CLASSPREFIX = MFA;
				LastUpgradeCheck = 0630;
				ORGANIZATIONNAME = "Maxim Smirnov";
				TargetAttributes = {
					58F95EC31AA48FB600E22EF6 = {
						CreatedOnToolsVersion = 6.3;
					};
					58F95EDF1AA48FB600E22EF6 = {
						CreatedOnToolsVersion = 6.3;
						TestTargetID = 58F95EC31AA48FB600E22EF6;
					};
				};
			};
			buildConfigurationList = 58F95EBF1AA48FB600E22EF6 /* Build configuration list for PBXProject "metro4all-ios" */;
			compatibilityVersion = "Xcode 3.2";
			developmentRegion = English;
			hasScannedForEncodings = 0;
			knownRegions = (
				en,
				Base,
			);
			mainGroup = 58F95EBB1AA48FB600E22EF6;
			productRefGroup = 58F95EC51AA48FB600E22EF6 /* Products */;
			projectDirPath = "";
			projectRoot = "";
			targets = (
				58F95EC31AA48FB600E22EF6 /* metro4all-ios */,
				58F95EDF1AA48FB600E22EF6 /* metro4all-iosTests */,
			);
		};
/* End PBXProject section */

/* Begin PBXResourcesBuildPhase section */
		58F95EC21AA48FB600E22EF6 /* Resources */ = {
			isa = PBXResourcesBuildPhase;
			buildActionMask = 2147483647;
			files = (
				58F95ED61AA48FB600E22EF6 /* Main.storyboard in Resources */,
				58F95ED81AA48FB600E22EF6 /* Images.xcassets in Resources */,
			);
			runOnlyForDeploymentPostprocessing = 0;
		};
		58F95EDE1AA48FB600E22EF6 /* Resources */ = {
			isa = PBXResourcesBuildPhase;
			buildActionMask = 2147483647;
			files = (
			);
			runOnlyForDeploymentPostprocessing = 0;
		};
/* End PBXResourcesBuildPhase section */

/* Begin PBXShellScriptBuildPhase section */
		EB4754F92429D2A74496A7C5 /* Check Pods Manifest.lock */ = {
			isa = PBXShellScriptBuildPhase;
			buildActionMask = 2147483647;
			files = (
			);
			inputPaths = (
			);
			name = "Check Pods Manifest.lock";
			outputPaths = (
			);
			runOnlyForDeploymentPostprocessing = 0;
			shellPath = /bin/sh;
			shellScript = "diff \"${PODS_ROOT}/../Podfile.lock\" \"${PODS_ROOT}/Manifest.lock\" > /dev/null\nif [[ $? != 0 ]] ; then\n    cat << EOM\nerror: The sandbox is not in sync with the Podfile.lock. Run 'pod install' or update your CocoaPods installation.\nEOM\n    exit 1\nfi\n";
			showEnvVarsInLog = 0;
		};
		FF177237D2BB2AE34EC5807E /* Copy Pods Resources */ = {
			isa = PBXShellScriptBuildPhase;
			buildActionMask = 2147483647;
			files = (
			);
			inputPaths = (
			);
			name = "Copy Pods Resources";
			outputPaths = (
			);
			runOnlyForDeploymentPostprocessing = 0;
			shellPath = /bin/sh;
			shellScript = "\"${SRCROOT}/Pods/Target Support Files/Pods-metro4all-ios/Pods-metro4all-ios-resources.sh\"\n";
			showEnvVarsInLog = 0;
		};
/* End PBXShellScriptBuildPhase section */

/* Begin PBXSourcesBuildPhase section */
		58F95EC01AA48FB600E22EF6 /* Sources */ = {
			isa = PBXSourcesBuildPhase;
			buildActionMask = 2147483647;
			files = (
				58B0DA351AA5F1E30011A4A4 /* MFALine.m in Sources */,
				58F95EF61AA4A16100E22EF6 /* MFAStoryboardProxy.m in Sources */,
				58B0DA331AA5F1E30011A4A4 /* MFACity.m in Sources */,
				583B48FB1AA74BB200138E1F /* MFAStationMapViewController.m in Sources */,
				58F95ECD1AA48FB600E22EF6 /* AppDelegate.m in Sources */,
				58F95EF21AA49C5200E22EF6 /* MFAObjectManager.m in Sources */,
				58F95ED01AA48FB600E22EF6 /* metro4all_ios.xcdatamodeld in Sources */,
				58B0DA341AA5F1E30011A4A4 /* MFAInterchange.m in Sources */,
				58B0DA301AA5F1E30011A4A4 /* _MFALine.m in Sources */,
				58F95ED31AA48FB600E22EF6 /* MFASelectCityViewController.m in Sources */,
				58F95ECA1AA48FB600E22EF6 /* main.m in Sources */,
				58B0DA451AA70DBB0011A4A4 /* MFAStationsListViewModel.m in Sources */,
				58B0DA3D1AA707C20011A4A4 /* MFAStationsListViewController.m in Sources */,
				583B48F81AA74BA500138E1F /* MFAStationMapViewModel.m in Sources */,
				58B0DA3A1AA5F26C0011A4A4 /* MFACityDataParser.m in Sources */,
				58F95EF91AA4B2C800E22EF6 /* MFASelectCityViewModel.m in Sources */,
				58B0DA371AA5F1E30011A4A4 /* MFAStation.m in Sources */,
				58B0DA321AA5F1E30011A4A4 /* _MFAStation.m in Sources */,
				588635141AAAE4E60038F924 /* MFACityArchiveService.m in Sources */,
				58B0DA361AA5F1E30011A4A4 /* MFAPortal.m in Sources */,
				58B0DA311AA5F1E30011A4A4 /* _MFAPortal.m in Sources */,
				58B0DA2F1AA5F1E30011A4A4 /* _MFAInterchange.m in Sources */,
				58136E8A1AA4B4CD00512D29 /* MFASelectCityTableViewCell.m in Sources */,
				58B0DA421AA709C80011A4A4 /* MFAStationListTableViewCell.m in Sources */,
				58B0DA2E1AA5F1E30011A4A4 /* _MFACity.m in Sources */,
			);
			runOnlyForDeploymentPostprocessing = 0;
		};
		58F95EDC1AA48FB600E22EF6 /* Sources */ = {
			isa = PBXSourcesBuildPhase;
			buildActionMask = 2147483647;
			files = (
				58F95EE71AA48FB600E22EF6 /* metro4all_iosTests.m in Sources */,
			);
			runOnlyForDeploymentPostprocessing = 0;
		};
/* End PBXSourcesBuildPhase section */

/* Begin PBXTargetDependency section */
		58F95EE21AA48FB600E22EF6 /* PBXTargetDependency */ = {
			isa = PBXTargetDependency;
			target = 58F95EC31AA48FB600E22EF6 /* metro4all-ios */;
			targetProxy = 58F95EE11AA48FB600E22EF6 /* PBXContainerItemProxy */;
		};
/* End PBXTargetDependency section */

/* Begin PBXVariantGroup section */
		58F95ED41AA48FB600E22EF6 /* Main.storyboard */ = {
			isa = PBXVariantGroup;
			children = (
				58F95ED51AA48FB600E22EF6 /* Base */,
			);
			name = Main.storyboard;
			sourceTree = "<group>";
		};
/* End PBXVariantGroup section */

/* Begin XCBuildConfiguration section */
		58F95EE81AA48FB600E22EF6 /* Debug */ = {
			isa = XCBuildConfiguration;
			buildSettings = {
				ALWAYS_SEARCH_USER_PATHS = NO;
				CLANG_CXX_LANGUAGE_STANDARD = "gnu++0x";
				CLANG_CXX_LIBRARY = "libc++";
				CLANG_ENABLE_MODULES = YES;
				CLANG_ENABLE_OBJC_ARC = YES;
				CLANG_WARN_BOOL_CONVERSION = YES;
				CLANG_WARN_CONSTANT_CONVERSION = YES;
				CLANG_WARN_DIRECT_OBJC_ISA_USAGE = YES_ERROR;
				CLANG_WARN_EMPTY_BODY = YES;
				CLANG_WARN_ENUM_CONVERSION = YES;
				CLANG_WARN_INT_CONVERSION = YES;
				CLANG_WARN_OBJC_ROOT_CLASS = YES_ERROR;
				CLANG_WARN_UNREACHABLE_CODE = YES;
				CLANG_WARN__DUPLICATE_METHOD_MATCH = YES;
				"CODE_SIGN_IDENTITY[sdk=iphoneos*]" = "iPhone Developer";
				COPY_PHASE_STRIP = NO;
				DEBUG_INFORMATION_FORMAT = dwarf;
				ENABLE_STRICT_OBJC_MSGSEND = YES;
				GCC_C_LANGUAGE_STANDARD = gnu99;
				GCC_DYNAMIC_NO_PIC = NO;
				GCC_NO_COMMON_BLOCKS = YES;
				GCC_OPTIMIZATION_LEVEL = 0;
				GCC_PREPROCESSOR_DEFINITIONS = (
					"DEBUG=1",
					"$(inherited)",
				);
				GCC_SYMBOLS_PRIVATE_EXTERN = NO;
				GCC_WARN_64_TO_32_BIT_CONVERSION = YES;
				GCC_WARN_ABOUT_RETURN_TYPE = YES_ERROR;
				GCC_WARN_UNDECLARED_SELECTOR = YES;
				GCC_WARN_UNINITIALIZED_AUTOS = YES_AGGRESSIVE;
				GCC_WARN_UNUSED_FUNCTION = YES;
				GCC_WARN_UNUSED_VARIABLE = YES;
				IPHONEOS_DEPLOYMENT_TARGET = 7.0;
				MTL_ENABLE_DEBUG_INFO = YES;
				ONLY_ACTIVE_ARCH = YES;
				SDKROOT = iphoneos;
			};
			name = Debug;
		};
		58F95EE91AA48FB600E22EF6 /* Release */ = {
			isa = XCBuildConfiguration;
			buildSettings = {
				ALWAYS_SEARCH_USER_PATHS = NO;
				CLANG_CXX_LANGUAGE_STANDARD = "gnu++0x";
				CLANG_CXX_LIBRARY = "libc++";
				CLANG_ENABLE_MODULES = YES;
				CLANG_ENABLE_OBJC_ARC = YES;
				CLANG_WARN_BOOL_CONVERSION = YES;
				CLANG_WARN_CONSTANT_CONVERSION = YES;
				CLANG_WARN_DIRECT_OBJC_ISA_USAGE = YES_ERROR;
				CLANG_WARN_EMPTY_BODY = YES;
				CLANG_WARN_ENUM_CONVERSION = YES;
				CLANG_WARN_INT_CONVERSION = YES;
				CLANG_WARN_OBJC_ROOT_CLASS = YES_ERROR;
				CLANG_WARN_UNREACHABLE_CODE = YES;
				CLANG_WARN__DUPLICATE_METHOD_MATCH = YES;
				"CODE_SIGN_IDENTITY[sdk=iphoneos*]" = "iPhone Developer";
				COPY_PHASE_STRIP = NO;
				DEBUG_INFORMATION_FORMAT = "dwarf-with-dsym";
				ENABLE_NS_ASSERTIONS = NO;
				ENABLE_STRICT_OBJC_MSGSEND = YES;
				GCC_C_LANGUAGE_STANDARD = gnu99;
				GCC_NO_COMMON_BLOCKS = YES;
				GCC_WARN_64_TO_32_BIT_CONVERSION = YES;
				GCC_WARN_ABOUT_RETURN_TYPE = YES_ERROR;
				GCC_WARN_UNDECLARED_SELECTOR = YES;
				GCC_WARN_UNINITIALIZED_AUTOS = YES_AGGRESSIVE;
				GCC_WARN_UNUSED_FUNCTION = YES;
				GCC_WARN_UNUSED_VARIABLE = YES;
				IPHONEOS_DEPLOYMENT_TARGET = 7.0;
				MTL_ENABLE_DEBUG_INFO = NO;
				SDKROOT = iphoneos;
				VALIDATE_PRODUCT = YES;
			};
			name = Release;
		};
		58F95EEB1AA48FB600E22EF6 /* Debug */ = {
			isa = XCBuildConfiguration;
			baseConfigurationReference = 9F0CB2A765B00354E4F0D495 /* Pods-metro4all-ios.debug.xcconfig */;
			buildSettings = {
				ASSETCATALOG_COMPILER_APPICON_NAME = AppIcon;
				ASSETCATALOG_COMPILER_LAUNCHIMAGE_NAME = LaunchImage;
				INFOPLIST_FILE = "metro4all-ios/Info.plist";
				IPHONEOS_DEPLOYMENT_TARGET = 7.0;
				LD_RUNPATH_SEARCH_PATHS = "$(inherited) @executable_path/Frameworks";
				PRODUCT_NAME = "$(TARGET_NAME)";
			};
			name = Debug;
		};
		58F95EEC1AA48FB600E22EF6 /* Release */ = {
			isa = XCBuildConfiguration;
			baseConfigurationReference = 223B3F0B6D4C0D89442A5B81 /* Pods-metro4all-ios.release.xcconfig */;
			buildSettings = {
				ASSETCATALOG_COMPILER_APPICON_NAME = AppIcon;
				ASSETCATALOG_COMPILER_LAUNCHIMAGE_NAME = LaunchImage;
				INFOPLIST_FILE = "metro4all-ios/Info.plist";
				IPHONEOS_DEPLOYMENT_TARGET = 7.0;
				LD_RUNPATH_SEARCH_PATHS = "$(inherited) @executable_path/Frameworks";
				PRODUCT_NAME = "$(TARGET_NAME)";
			};
			name = Release;
		};
		58F95EEE1AA48FB600E22EF6 /* Debug */ = {
			isa = XCBuildConfiguration;
			buildSettings = {
				BUNDLE_LOADER = "$(TEST_HOST)";
				FRAMEWORK_SEARCH_PATHS = (
					"$(SDKROOT)/Developer/Library/Frameworks",
					"$(inherited)",
				);
				GCC_PREPROCESSOR_DEFINITIONS = (
					"DEBUG=1",
					"$(inherited)",
				);
				INFOPLIST_FILE = "metro4all-iosTests/Info.plist";
				LD_RUNPATH_SEARCH_PATHS = "$(inherited) @executable_path/Frameworks @loader_path/Frameworks";
				PRODUCT_NAME = "$(TARGET_NAME)";
				TEST_HOST = "$(BUILT_PRODUCTS_DIR)/metro4all-ios.app/metro4all-ios";
			};
			name = Debug;
		};
		58F95EEF1AA48FB600E22EF6 /* Release */ = {
			isa = XCBuildConfiguration;
			buildSettings = {
				BUNDLE_LOADER = "$(TEST_HOST)";
				FRAMEWORK_SEARCH_PATHS = (
					"$(SDKROOT)/Developer/Library/Frameworks",
					"$(inherited)",
				);
				INFOPLIST_FILE = "metro4all-iosTests/Info.plist";
				LD_RUNPATH_SEARCH_PATHS = "$(inherited) @executable_path/Frameworks @loader_path/Frameworks";
				PRODUCT_NAME = "$(TARGET_NAME)";
				TEST_HOST = "$(BUILT_PRODUCTS_DIR)/metro4all-ios.app/metro4all-ios";
			};
			name = Release;
		};
/* End XCBuildConfiguration section */

/* Begin XCConfigurationList section */
		58F95EBF1AA48FB600E22EF6 /* Build configuration list for PBXProject "metro4all-ios" */ = {
			isa = XCConfigurationList;
			buildConfigurations = (
				58F95EE81AA48FB600E22EF6 /* Debug */,
				58F95EE91AA48FB600E22EF6 /* Release */,
			);
			defaultConfigurationIsVisible = 0;
			defaultConfigurationName = Release;
		};
		58F95EEA1AA48FB600E22EF6 /* Build configuration list for PBXNativeTarget "metro4all-ios" */ = {
			isa = XCConfigurationList;
			buildConfigurations = (
				58F95EEB1AA48FB600E22EF6 /* Debug */,
				58F95EEC1AA48FB600E22EF6 /* Release */,
			);
			defaultConfigurationIsVisible = 0;
			defaultConfigurationName = Release;
		};
		58F95EED1AA48FB600E22EF6 /* Build configuration list for PBXNativeTarget "metro4all-iosTests" */ = {
			isa = XCConfigurationList;
			buildConfigurations = (
				58F95EEE1AA48FB600E22EF6 /* Debug */,
				58F95EEF1AA48FB600E22EF6 /* Release */,
			);
			defaultConfigurationIsVisible = 0;
			defaultConfigurationName = Release;
		};
/* End XCConfigurationList section */

/* Begin XCVersionGroup section */
		58F95ECE1AA48FB600E22EF6 /* metro4all_ios.xcdatamodeld */ = {
			isa = XCVersionGroup;
			children = (
				58F95ECF1AA48FB600E22EF6 /* metro4all_ios.xcdatamodel */,
			);
			currentVersion = 58F95ECF1AA48FB600E22EF6 /* metro4all_ios.xcdatamodel */;
			path = metro4all_ios.xcdatamodeld;
			sourceTree = "<group>";
			versionGroupType = wrapper.xcdatamodel;
		};
/* End XCVersionGroup section */
	};
	rootObject = 58F95EBC1AA48FB600E22EF6 /* Project object */;
}
